<?xml version="1.0" encoding="UTF-8"?>
<!DOCTYPE plist PUBLIC "-//Apple//DTD PLIST 1.0//EN" "http://www.apple.com/DTDs/PropertyList-1.0.dtd">
<plist version="1.0">
<dict>
	<key>archiveVersion</key>
	<string>1</string>
	<key>classes</key>
	<dict/>
	<key>objectVersion</key>
	<string>46</string>
	<key>objects</key>
	<dict>
		<key>005311C1A872463C84FF121D</key>
		<dict>
			<key>includeInIndex</key>
			<string>1</string>
			<key>isa</key>
			<string>PBXFileReference</string>
			<key>lastKnownFileType</key>
			<string>sourcecode.c.h</string>
			<key>name</key>
			<string>AFSecurityPolicy.h</string>
			<key>path</key>
			<string>AFNetworking/AFSecurityPolicy.h</string>
			<key>sourceTree</key>
			<string>&lt;group&gt;</string>
		</dict>
		<key>008F4186FE2F4F76A26859B4</key>
		<dict>
			<key>includeInIndex</key>
			<string>1</string>
			<key>isa</key>
			<string>PBXFileReference</string>
			<key>lastKnownFileType</key>
			<string>sourcecode.c.h</string>
			<key>name</key>
			<string>AFHTTPSessionManager.h</string>
			<key>path</key>
			<string>AFNetworking/AFHTTPSessionManager.h</string>
			<key>sourceTree</key>
			<string>&lt;group&gt;</string>
		</dict>
		<key>009D2CA68251405690F78BB8</key>
		<dict>
			<key>includeInIndex</key>
			<string>1</string>
			<key>isa</key>
			<string>PBXFileReference</string>
			<key>name</key>
			<string>aviaryLoader_light@2x.png</string>
			<key>path</key>
			<string>AviarySDKResources.bundle/aviaryLoader_light@2x.png</string>
			<key>sourceTree</key>
			<string>&lt;group&gt;</string>
		</dict>
		<key>02063ED49EF64494B3E8FD2B</key>
		<dict>
			<key>includeInIndex</key>
			<string>1</string>
			<key>isa</key>
			<string>PBXFileReference</string>
			<key>lastKnownFileType</key>
			<string>sourcecode.c.h</string>
			<key>name</key>
			<string>UIButton+AFNetworking.h</string>
			<key>path</key>
			<string>AFNetworking/UIButton+AFNetworking.h</string>
			<key>sourceTree</key>
			<string>&lt;group&gt;</string>
		</dict>
		<key>03EC515DAA744DA8B1D19D38</key>
		<dict>
			<key>includeInIndex</key>
			<string>1</string>
			<key>isa</key>
			<string>PBXFileReference</string>
			<key>name</key>
			<string>bundle_purchase_button.png</string>
			<key>path</key>
			<string>AviarySDKResources.bundle/bundle_purchase_button.png</string>
			<key>sourceTree</key>
			<string>&lt;group&gt;</string>
		</dict>
		<key>044AA93CBFD64E04A2A52D04</key>
		<dict>
			<key>buildSettings</key>
			<dict>
				<key>ALWAYS_SEARCH_USER_PATHS</key>
				<string>NO</string>
				<key>CLANG_CXX_LANGUAGE_STANDARD</key>
				<string>gnu++0x</string>
				<key>CLANG_CXX_LIBRARY</key>
				<string>libc++</string>
				<key>CLANG_ENABLE_MODULES</key>
				<string>YES</string>
				<key>CLANG_ENABLE_OBJC_ARC</key>
				<string>YES</string>
				<key>CLANG_WARN_BOOL_CONVERSION</key>
				<string>YES</string>
				<key>CLANG_WARN_CONSTANT_CONVERSION</key>
				<string>YES</string>
				<key>CLANG_WARN_DIRECT_OBJC_ISA_USAGE</key>
				<string>YES</string>
				<key>CLANG_WARN_EMPTY_BODY</key>
				<string>YES</string>
				<key>CLANG_WARN_ENUM_CONVERSION</key>
				<string>YES</string>
				<key>CLANG_WARN_INT_CONVERSION</key>
				<string>YES</string>
				<key>CLANG_WARN_OBJC_ROOT_CLASS</key>
				<string>YES</string>
				<key>COPY_PHASE_STRIP</key>
				<string>NO</string>
				<key>ENABLE_NS_ASSERTIONS</key>
				<string>NO</string>
				<key>GCC_C_LANGUAGE_STANDARD</key>
				<string>gnu99</string>
				<key>GCC_WARN_64_TO_32_BIT_CONVERSION</key>
				<string>YES</string>
				<key>GCC_WARN_ABOUT_RETURN_TYPE</key>
				<string>YES</string>
				<key>GCC_WARN_UNDECLARED_SELECTOR</key>
				<string>YES</string>
				<key>GCC_WARN_UNINITIALIZED_AUTOS</key>
				<string>YES</string>
				<key>GCC_WARN_UNUSED_FUNCTION</key>
				<string>YES</string>
				<key>GCC_WARN_UNUSED_VARIABLE</key>
				<string>YES</string>
				<key>VALIDATE_PRODUCT</key>
				<string>YES</string>
			</dict>
			<key>isa</key>
			<string>XCBuildConfiguration</string>
			<key>name</key>
			<string>Release</string>
		</dict>
		<key>0529AB677E7C4C5DAB908CA3</key>
		<dict>
			<key>includeInIndex</key>
			<string>1</string>
			<key>isa</key>
			<string>PBXFileReference</string>
			<key>name</key>
			<string>splash.png</string>
			<key>path</key>
			<string>AviarySDKResources.bundle/splash.png</string>
			<key>sourceTree</key>
			<string>&lt;group&gt;</string>
		</dict>
		<key>062072B8EE35477789A97747</key>
		<dict>
			<key>includeInIndex</key>
			<string>1</string>
			<key>isa</key>
			<string>PBXFileReference</string>
			<key>name</key>
			<string>th.lproj</string>
			<key>path</key>
			<string>AviarySDKResources.bundle/th.lproj</string>
			<key>sourceTree</key>
			<string>&lt;group&gt;</string>
		</dict>
		<key>0680F87B372242F1BAAC9170</key>
		<dict>
			<key>includeInIndex</key>
			<string>1</string>
			<key>isa</key>
			<string>PBXFileReference</string>
			<key>lastKnownFileType</key>
			<string>sourcecode.c.h</string>
			<key>path</key>
			<string>____Pods-AFNetworking-prefix.h</string>
			<key>sourceTree</key>
			<string>&lt;group&gt;</string>
		</dict>
		<key>077EAA1D08FE4A099533178C</key>
		<dict>
			<key>includeInIndex</key>
			<string>1</string>
			<key>isa</key>
			<string>PBXFileReference</string>
			<key>name</key>
			<string>bundle_purchase_button@2x.png</string>
			<key>path</key>
			<string>AviarySDKResources.bundle/bundle_purchase_button@2x.png</string>
			<key>sourceTree</key>
			<string>&lt;group&gt;</string>
		</dict>
		<key>07A3264A8C1F477699A584D5</key>
		<dict>
			<key>includeInIndex</key>
			<string>1</string>
			<key>isa</key>
			<string>PBXFileReference</string>
			<key>name</key>
			<string>purchase_button@2x.png</string>
			<key>path</key>
			<string>AviarySDKResources.bundle/purchase_button@2x.png</string>
			<key>sourceTree</key>
			<string>&lt;group&gt;</string>
		</dict>
		<key>091C16C733894499A4268E95</key>
		<dict>
			<key>includeInIndex</key>
			<string>1</string>
			<key>isa</key>
			<string>PBXFileReference</string>
			<key>name</key>
			<string>id.lproj</string>
			<key>path</key>
			<string>AviarySDKResources.bundle/id.lproj</string>
			<key>sourceTree</key>
			<string>&lt;group&gt;</string>
		</dict>
		<key>0B8EF9E291474ACB91180EB5</key>
		<dict>
			<key>includeInIndex</key>
			<string>1</string>
			<key>isa</key>
			<string>PBXFileReference</string>
			<key>name</key>
			<string>eraser.png</string>
			<key>path</key>
			<string>AviarySDKResources.bundle/eraser.png</string>
			<key>sourceTree</key>
			<string>&lt;group&gt;</string>
		</dict>
		<key>0D3283F2E30A4694AA037916</key>
		<dict>
			<key>includeInIndex</key>
			<string>1</string>
			<key>isa</key>
			<string>PBXFileReference</string>
			<key>path</key>
			<string>sample.jpg</string>
			<key>sourceTree</key>
			<string>&lt;group&gt;</string>
		</dict>
		<key>0EB01240BE3441C5B5972CB5</key>
		<dict>
			<key>includeInIndex</key>
			<string>1</string>
			<key>isa</key>
			<string>PBXFileReference</string>
			<key>name</key>
			<string>crop@2x.png</string>
			<key>path</key>
			<string>AviarySDKResources.bundle/crop@2x.png</string>
			<key>sourceTree</key>
			<string>&lt;group&gt;</string>
		</dict>
		<key>10ACA9A5B05740A8B2158F7A</key>
		<dict>
			<key>includeInIndex</key>
			<string>1</string>
			<key>isa</key>
			<string>PBXFileReference</string>
			<key>name</key>
			<string>icon_placeholder.png</string>
			<key>path</key>
			<string>AviarySDKResources.bundle/icon_placeholder.png</string>
			<key>sourceTree</key>
			<string>&lt;group&gt;</string>
		</dict>
		<key>121CD03328EC4D6E9B98A136</key>
		<dict>
			<key>includeInIndex</key>
			<string>1</string>
			<key>isa</key>
			<string>PBXFileReference</string>
			<key>name</key>
			<string>nl.lproj</string>
			<key>path</key>
			<string>AviarySDKResources.bundle/nl.lproj</string>
			<key>sourceTree</key>
			<string>&lt;group&gt;</string>
		</dict>
		<key>149574D2D54C4212A3AD1AFB</key>
		<dict>
			<key>includeInIndex</key>
			<string>1</string>
			<key>isa</key>
			<string>PBXFileReference</string>
			<key>name</key>
			<string>night@2x.png</string>
			<key>path</key>
			<string>AviarySDKResources.bundle/night@2x.png</string>
			<key>sourceTree</key>
			<string>&lt;group&gt;</string>
		</dict>
		<key>1761D20E3E1C4685874083E0</key>
		<dict>
			<key>children</key>
			<array>
				<string>0680F87B372242F1BAAC9170</string>
				<string>2285A04825EE4D8A8BCC358D</string>
				<string>17B7C59EE3224641BD5D1845</string>
				<string>A7E0409A201D42919766D22E</string>
				<string>C7731F80947248219EE491C7</string>
				<string>008F4186FE2F4F76A26859B4</string>
				<string>780D3CC9ECD44FEE88C726AB</string>
				<string>221AC2789F52420388635828</string>
				<string>B00B6764B1F64C49BE5636A7</string>
				<string>005311C1A872463C84FF121D</string>
				<string>F916C9D691254C55A562230C</string>
				<string>7EE9221CBFEC4E9F89827E8C</string>
				<string>B9A4876223EB4679BEA29A54</string>
				<string>2FD631108B3A4EE8B078E591</string>
				<string>46254FF34EF24F6F91B96D65</string>
				<string>1DF3EB1FDED94FAAB3D83C6C</string>
				<string>02063ED49EF64494B3E8FD2B</string>
				<string>56A59D9172E74DEC9C8D27C4</string>
				<string>B1DA12BF86E647979B88FE35</string>
				<string>2480AEBF2B5242D3BCC95528</string>
				<string>6ED4AF42BA804FB8A253400D</string>
			</array>
			<key>isa</key>
			<string>PBXGroup</string>
			<key>name</key>
			<string>Pods</string>
			<key>path</key>
			<string>/Users/tanabe/Dev/motion-aviary/vendor/Pods/Headers</string>
			<key>sourceTree</key>
			<string>&lt;group&gt;</string>
		</dict>
		<key>17A95C235D4F428B86902525</key>
		<dict>
			<key>includeInIndex</key>
			<string>1</string>
			<key>isa</key>
			<string>PBXFileReference</string>
			<key>name</key>
			<string>rotate_l.png</string>
			<key>path</key>
			<string>AviarySDKResources.bundle/rotate_l.png</string>
			<key>sourceTree</key>
			<string>&lt;group&gt;</string>
		</dict>
		<key>17B7C59EE3224641BD5D1845</key>
		<dict>
			<key>includeInIndex</key>
			<string>1</string>
			<key>isa</key>
			<string>PBXFileReference</string>
			<key>lastKnownFileType</key>
			<string>sourcecode.c.h</string>
			<key>path</key>
			<string>____Pods-SVProgressHUD-prefix.h</string>
			<key>sourceTree</key>
			<string>&lt;group&gt;</string>
		</dict>
		<key>17E275239B884FC89EDEFFFF</key>
		<dict>
			<key>buildConfigurationList</key>
			<string>C9B54D9036AA44209CB28F35</string>
			<key>buildPhases</key>
			<array>
				<string>938C5F11F95743DFA9C9BE94</string>
				<string>2DF340C315944D0A9DC41C32</string>
			</array>
			<key>buildRules</key>
			<array/>
			<key>dependencies</key>
			<array/>
			<key>isa</key>
			<string>PBXNativeTarget</string>
			<key>name</key>
			<string>ib</string>
			<key>productName</key>
			<string>ib</string>
			<key>productReference</key>
			<string>F7AC4534F0C945819E5E000C</string>
			<key>productType</key>
			<string>com.apple.product-type.library.static</string>
		</dict>
		<key>1A53190BB13F46069B529267</key>
		<dict>
			<key>includeInIndex</key>
			<string>1</string>
			<key>isa</key>
			<string>PBXFileReference</string>
			<key>name</key>
			<string>detail_close@2x.png</string>
			<key>path</key>
			<string>AviarySDKResources.bundle/detail_close@2x.png</string>
			<key>sourceTree</key>
			<string>&lt;group&gt;</string>
		</dict>
		<key>1B47268ADB06453086DE771D</key>
		<dict>
			<key>includeInIndex</key>
			<string>1</string>
			<key>isa</key>
			<string>PBXFileReference</string>
			<key>name</key>
			<string>detail_close.png</string>
			<key>path</key>
			<string>AviarySDKResources.bundle/detail_close.png</string>
			<key>sourceTree</key>
			<string>&lt;group&gt;</string>
		</dict>
		<key>1C64686DA9C94292A209357F</key>
		<dict>
			<key>includeInIndex</key>
			<string>1</string>
			<key>isa</key>
			<string>PBXFileReference</string>
			<key>name</key>
			<string>chevron@2x.png</string>
			<key>path</key>
			<string>AviarySDKResources.bundle/chevron@2x.png</string>
			<key>sourceTree</key>
			<string>&lt;group&gt;</string>
		</dict>
		<key>1D6ACF395D9045A0980DDD04</key>
		<dict>
			<key>includeInIndex</key>
			<string>1</string>
			<key>isa</key>
			<string>PBXFileReference</string>
			<key>name</key>
			<string>feedback@2x.png</string>
			<key>path</key>
			<string>AviarySDKResources.bundle/feedback@2x.png</string>
			<key>sourceTree</key>
			<string>&lt;group&gt;</string>
		</dict>
		<key>1DF3EB1FDED94FAAB3D83C6C</key>
		<dict>
			<key>includeInIndex</key>
			<string>1</string>
			<key>isa</key>
			<string>PBXFileReference</string>
			<key>lastKnownFileType</key>
			<string>sourcecode.c.h</string>
			<key>name</key>
			<string>UIAlertView+AFNetworking.h</string>
			<key>path</key>
			<string>AFNetworking/UIAlertView+AFNetworking.h</string>
			<key>sourceTree</key>
			<string>&lt;group&gt;</string>
		</dict>
		<key>2057EF4D09194F359709A4B4</key>
		<dict>
			<key>includeInIndex</key>
			<string>1</string>
			<key>isa</key>
			<string>PBXFileReference</string>
			<key>name</key>
			<string>effects.png</string>
			<key>path</key>
			<string>AviarySDKResources.bundle/effects.png</string>
			<key>sourceTree</key>
			<string>&lt;group&gt;</string>
		</dict>
		<key>20D343D28D944F279948CE43</key>
		<dict>
			<key>includeInIndex</key>
			<string>1</string>
			<key>isa</key>
			<string>PBXFileReference</string>
			<key>name</key>
			<string>rotate_r.png</string>
			<key>path</key>
			<string>AviarySDKResources.bundle/rotate_r.png</string>
			<key>sourceTree</key>
			<string>&lt;group&gt;</string>
		</dict>
		<key>221AC2789F52420388635828</key>
		<dict>
			<key>includeInIndex</key>
			<string>1</string>
			<key>isa</key>
			<string>PBXFileReference</string>
			<key>lastKnownFileType</key>
			<string>sourcecode.c.h</string>
			<key>name</key>
			<string>AFNetworking.h</string>
			<key>path</key>
			<string>AFNetworking/AFNetworking.h</string>
			<key>sourceTree</key>
			<string>&lt;group&gt;</string>
		</dict>
		<key>224AA1FC8EE447BE82FA07BA</key>
		<dict>
			<key>isa</key>
			<string>PBXFileReference</string>
			<key>lastKnownFileType</key>
			<string>wrapper.framework</string>
			<key>name</key>
			<string>CoreData.framework</string>
			<key>path</key>
			<string>Platforms/iPhoneOS.platform/Developer/SDKs/iPhoneOS7.1.sdk/System/Library/Frameworks/CoreData.framework</string>
			<key>sourceTree</key>
			<string>DEVELOPER_DIR</string>
		</dict>
		<key>2285A04825EE4D8A8BCC358D</key>
		<dict>
			<key>includeInIndex</key>
			<string>1</string>
			<key>isa</key>
			<string>PBXFileReference</string>
			<key>lastKnownFileType</key>
			<string>sourcecode.c.h</string>
			<key>path</key>
			<string>____Pods-environment.h</string>
			<key>sourceTree</key>
			<string>&lt;group&gt;</string>
		</dict>
		<key>24782CEDB92649BBA8865A8F</key>
		<dict>
			<key>includeInIndex</key>
			<string>1</string>
			<key>isa</key>
			<string>PBXFileReference</string>
			<key>name</key>
			<string>orientationKnob@2x.png</string>
			<key>path</key>
			<string>AviarySDKResources.bundle/orientationKnob@2x.png</string>
			<key>sourceTree</key>
			<string>&lt;group&gt;</string>
		</dict>
		<key>2480AEBF2B5242D3BCC95528</key>
		<dict>
			<key>includeInIndex</key>
			<string>1</string>
			<key>isa</key>
			<string>PBXFileReference</string>
			<key>lastKnownFileType</key>
			<string>sourcecode.c.h</string>
			<key>name</key>
			<string>UIProgressView+AFNetworking.h</string>
			<key>path</key>
			<string>AFNetworking/UIProgressView+AFNetworking.h</string>
			<key>sourceTree</key>
			<string>&lt;group&gt;</string>
		</dict>
		<key>278B427C75AC4B84B8526F32</key>
		<dict>
			<key>includeInIndex</key>
			<string>1</string>
			<key>isa</key>
			<string>PBXFileReference</string>
			<key>name</key>
			<string>orientationKnob.png</string>
			<key>path</key>
			<string>AviarySDKResources.bundle/orientationKnob.png</string>
			<key>sourceTree</key>
			<string>&lt;group&gt;</string>
		</dict>
		<key>2A0F36137E2246F29E169068</key>
		<dict>
			<key>includeInIndex</key>
			<string>1</string>
			<key>isa</key>
			<string>PBXFileReference</string>
			<key>name</key>
			<string>adjustments@2x.png</string>
			<key>path</key>
			<string>AviarySDKResources.bundle/adjustments@2x.png</string>
			<key>sourceTree</key>
			<string>&lt;group&gt;</string>
		</dict>
		<key>2A9AE4B7E9DF4B52BD6AB5CE</key>
		<dict>
			<key>includeInIndex</key>
			<string>1</string>
			<key>isa</key>
			<string>PBXFileReference</string>
			<key>name</key>
			<string>whiten@2x.png</string>
			<key>path</key>
			<string>AviarySDKResources.bundle/whiten@2x.png</string>
			<key>sourceTree</key>
			<string>&lt;group&gt;</string>
		</dict>
		<key>2BAD38141AD64B72B55151BF</key>
		<dict>
			<key>includeInIndex</key>
			<string>1</string>
			<key>isa</key>
			<string>PBXFileReference</string>
			<key>name</key>
			<string>frame_thumbnail_default.jpg</string>
			<key>path</key>
			<string>AviarySDKResources.bundle/frame_thumbnail_default.jpg</string>
			<key>sourceTree</key>
			<string>&lt;group&gt;</string>
		</dict>
		<key>2C65534295084D09B08A3DEC</key>
		<dict>
			<key>includeInIndex</key>
			<string>1</string>
			<key>isa</key>
			<string>PBXFileReference</string>
			<key>name</key>
			<string>upSell_placeholder@2x.png</string>
			<key>path</key>
			<string>AviarySDKResources.bundle/upSell_placeholder@2x.png</string>
			<key>sourceTree</key>
			<string>&lt;group&gt;</string>
		</dict>
		<key>2CB33E4A528D4C0D864DD413</key>
		<dict>
			<key>includeInIndex</key>
			<string>1</string>
			<key>isa</key>
			<string>PBXFileReference</string>
			<key>name</key>
			<string>portrait@2x.png</string>
			<key>path</key>
			<string>AviarySDKResources.bundle/portrait@2x.png</string>
			<key>sourceTree</key>
			<string>&lt;group&gt;</string>
		</dict>
		<key>2DF340C315944D0A9DC41C32</key>
		<dict>
			<key>buildActionMask</key>
			<string>2147483647</string>
			<key>files</key>
			<array>
				<string>C3AA61D2BC83423582A42E09</string>
				<string>F0D5DF94EA51484FBB0077CE</string>
				<string>3CA97D3C9E634D5E9BF6393B</string>
				<string>A28ABC101220490EA69EF9E7</string>
			</array>
			<key>isa</key>
			<string>PBXFrameworksBuildPhase</string>
			<key>runOnlyForDeploymentPostprocessing</key>
			<string>0</string>
		</dict>
		<key>2FCB2374EC1E40A888810343</key>
		<dict>
			<key>includeInIndex</key>
			<string>1</string>
			<key>isa</key>
			<string>PBXFileReference</string>
			<key>name</key>
			<string>swipeArrow.png</string>
			<key>path</key>
			<string>AviarySDKResources.bundle/swipeArrow.png</string>
			<key>sourceTree</key>
			<string>&lt;group&gt;</string>
		</dict>
		<key>2FD631108B3A4EE8B078E591</key>
		<dict>
			<key>includeInIndex</key>
			<string>1</string>
			<key>isa</key>
			<string>PBXFileReference</string>
			<key>lastKnownFileType</key>
			<string>sourcecode.c.h</string>
			<key>name</key>
			<string>AFURLSessionManager.h</string>
			<key>path</key>
			<string>AFNetworking/AFURLSessionManager.h</string>
			<key>sourceTree</key>
			<string>&lt;group&gt;</string>
		</dict>
		<key>337B9CC046974983B3B84806</key>
		<dict>
			<key>includeInIndex</key>
			<string>1</string>
			<key>isa</key>
			<string>PBXFileReference</string>
			<key>name</key>
			<string>aviary.png</string>
			<key>path</key>
			<string>AviarySDKResources.bundle/aviary.png</string>
			<key>sourceTree</key>
			<string>&lt;group&gt;</string>
		</dict>
		<key>338B1B68AFE54916A1405F82</key>
		<dict>
			<key>includeInIndex</key>
			<string>1</string>
			<key>isa</key>
			<string>PBXFileReference</string>
			<key>name</key>
			<string>share.png</string>
			<key>path</key>
			<string>AviarySDKResources.bundle/share.png</string>
			<key>sourceTree</key>
			<string>&lt;group&gt;</string>
		</dict>
		<key>346014C52B6B48ACBD7F15D5</key>
		<dict>
			<key>includeInIndex</key>
			<string>1</string>
			<key>isa</key>
			<string>PBXFileReference</string>
			<key>name</key>
			<string>eraser_mask@2x.png</string>
			<key>path</key>
			<string>AviarySDKResources.bundle/eraser_mask@2x.png</string>
			<key>sourceTree</key>
			<string>&lt;group&gt;</string>
		</dict>
		<key>3728F94FDF40461AA3EB3356</key>
		<dict>
			<key>children</key>
			<array>
				<string>D13715F5AC7B49F28B2C3690</string>
				<string>F82AE163AC7143F080B150F4</string>
				<string>AADC0277D2C34FC587097751</string>
				<string>510BC78FF42040CCBB2CDA78</string>
				<string>1761D20E3E1C4685874083E0</string>
			</array>
			<key>isa</key>
			<string>PBXGroup</string>
			<key>sourceTree</key>
			<string>&lt;group&gt;</string>
		</dict>
		<key>3ADBCB4F15EF48CBAC8D6A73</key>
		<dict>
			<key>includeInIndex</key>
			<string>1</string>
			<key>isa</key>
			<string>PBXFileReference</string>
			<key>name</key>
			<string>night.png</string>
			<key>path</key>
			<string>AviarySDKResources.bundle/night.png</string>
			<key>sourceTree</key>
			<string>&lt;group&gt;</string>
		</dict>
		<key>3C3BCF4144A54335B571C56F</key>
		<dict>
			<key>includeInIndex</key>
			<string>1</string>
			<key>isa</key>
			<string>PBXFileReference</string>
			<key>name</key>
			<string>border12_small.png</string>
			<key>path</key>
			<string>AviarySDKResources.bundle/border12_small.png</string>
			<key>sourceTree</key>
			<string>&lt;group&gt;</string>
		</dict>
		<key>3CA97D3C9E634D5E9BF6393B</key>
		<dict>
			<key>fileRef</key>
			<string>9E1271746FB547E6A2E7E5A3</string>
			<key>isa</key>
			<string>PBXBuildFile</string>
		</dict>
		<key>3D5C5798ED84401EBF0DC970</key>
		<dict>
			<key>buildSettings</key>
			<dict>
				<key>ALWAYS_SEARCH_USER_PATHS</key>
				<string>NO</string>
				<key>COPY_PHASE_STRIP</key>
				<string>YES</string>
				<key>DSTROOT</key>
				<string>/tmp/xcodeproj.dst</string>
				<key>GCC_C_LANGUAGE_STANDARD</key>
				<string>gnu99</string>
				<key>GCC_PRECOMPILE_PREFIX_HEADER</key>
				<string>YES</string>
				<key>GCC_VERSION</key>
				<string>com.apple.compilers.llvm.clang.1_0</string>
				<key>INSTALL_PATH</key>
				<string>$(BUILT_PRODUCTS_DIR)</string>
				<key>IPHONEOS_DEPLOYMENT_TARGET</key>
				<string>4.3</string>
				<key>OTHER_CFLAGS</key>
				<array>
					<string>-DNS_BLOCK_ASSERTIONS=1</string>
					<string>$(inherited)</string>
				</array>
				<key>OTHER_CPLUSPLUSFLAGS</key>
				<array>
					<string>-DNS_BLOCK_ASSERTIONS=1</string>
					<string>$(inherited)</string>
				</array>
				<key>OTHER_LDFLAGS</key>
				<string></string>
				<key>PRODUCT_NAME</key>
				<string>$(TARGET_NAME)</string>
				<key>PUBLIC_HEADERS_FOLDER_PATH</key>
				<string>$(TARGET_NAME)</string>
				<key>SDKROOT</key>
				<string>iphoneos</string>
				<key>SKIP_INSTALL</key>
				<string>YES</string>
				<key>VALIDATE_PRODUCT</key>
				<string>YES</string>
			</dict>
			<key>isa</key>
			<string>XCBuildConfiguration</string>
			<key>name</key>
			<string>Release</string>
		</dict>
		<key>3DC2A73AFB1F47B79D6F5EA0</key>
		<dict>
			<key>includeInIndex</key>
			<string>1</string>
			<key>isa</key>
			<string>PBXFileReference</string>
			<key>name</key>
			<string>border9_small.png</string>
			<key>path</key>
			<string>AviarySDKResources.bundle/border9_small.png</string>
			<key>sourceTree</key>
			<string>&lt;group&gt;</string>
		</dict>
		<key>40F087F18DEC4EB7ADD9E953</key>
		<dict>
			<key>includeInIndex</key>
			<string>1</string>
			<key>isa</key>
			<string>PBXFileReference</string>
			<key>name</key>
			<string>blur.png</string>
			<key>path</key>
			<string>AviarySDKResources.bundle/blur.png</string>
			<key>sourceTree</key>
			<string>&lt;group&gt;</string>
		</dict>
		<key>417020F1CBDE4764B7F8025F</key>
		<dict>
			<key>includeInIndex</key>
			<string>1</string>
			<key>isa</key>
			<string>PBXFileReference</string>
			<key>name</key>
			<string>splash_smart.png</string>
			<key>path</key>
			<string>AviarySDKResources.bundle/splash_smart.png</string>
			<key>sourceTree</key>
			<string>&lt;group&gt;</string>
		</dict>
		<key>426B181AC807492FAA3A365A</key>
		<dict>
			<key>includeInIndex</key>
			<string>1</string>
			<key>isa</key>
			<string>PBXFileReference</string>
			<key>name</key>
			<string>get_more_mask.png</string>
			<key>path</key>
			<string>AviarySDKResources.bundle/get_more_mask.png</string>
			<key>sourceTree</key>
			<string>&lt;group&gt;</string>
		</dict>
		<key>42786E624BC4499DBB55843D</key>
		<dict>
			<key>includeInIndex</key>
			<string>1</string>
			<key>isa</key>
			<string>PBXFileReference</string>
			<key>name</key>
			<string>close_button.png</string>
			<key>path</key>
			<string>AviarySDKResources.bundle/close_button.png</string>
			<key>sourceTree</key>
			<string>&lt;group&gt;</string>
		</dict>
		<key>46254FF34EF24F6F91B96D65</key>
		<dict>
			<key>includeInIndex</key>
			<string>1</string>
			<key>isa</key>
			<string>PBXFileReference</string>
			<key>lastKnownFileType</key>
			<string>sourcecode.c.h</string>
			<key>name</key>
			<string>UIActivityIndicatorView+AFNetworking.h</string>
			<key>path</key>
			<string>AFNetworking/UIActivityIndicatorView+AFNetworking.h</string>
			<key>sourceTree</key>
			<string>&lt;group&gt;</string>
		</dict>
		<key>46DE1E4C9BBC4FA6AFECA927</key>
		<dict>
			<key>includeInIndex</key>
			<string>1</string>
			<key>isa</key>
			<string>PBXFileReference</string>
			<key>name</key>
			<string>splash_free.png</string>
			<key>path</key>
			<string>AviarySDKResources.bundle/splash_free.png</string>
			<key>sourceTree</key>
			<string>&lt;group&gt;</string>
		</dict>
		<key>47AAAEDF7B72415B8D78B5A3</key>
		<dict>
			<key>includeInIndex</key>
			<string>1</string>
			<key>isa</key>
			<string>PBXFileReference</string>
			<key>name</key>
			<string>splash_free@2x.png</string>
			<key>path</key>
			<string>AviarySDKResources.bundle/splash_free@2x.png</string>
			<key>sourceTree</key>
			<string>&lt;group&gt;</string>
		</dict>
		<key>48438D5A3BB24ABD9F285CFC</key>
		<dict>
			<key>includeInIndex</key>
			<string>1</string>
			<key>isa</key>
			<string>PBXFileReference</string>
			<key>name</key>
			<string>splash@2x.png</string>
			<key>path</key>
			<string>AviarySDKResources.bundle/splash@2x.png</string>
			<key>sourceTree</key>
			<string>&lt;group&gt;</string>
		</dict>
		<key>48DD828345DC44EB8C92DB52</key>
		<dict>
			<key>includeInIndex</key>
			<string>1</string>
			<key>isa</key>
			<string>PBXFileReference</string>
			<key>name</key>
			<string>chevron_blue_right@2x.png</string>
			<key>path</key>
			<string>AviarySDKResources.bundle/chevron_blue_right@2x.png</string>
			<key>sourceTree</key>
			<string>&lt;group&gt;</string>
		</dict>
		<key>48E125ECF29B4E8EA9B0C1EE</key>
		<dict>
			<key>includeInIndex</key>
			<string>1</string>
			<key>isa</key>
			<string>PBXFileReference</string>
			<key>name</key>
			<string>scenery.png</string>
			<key>path</key>
			<string>AviarySDKResources.bundle/scenery.png</string>
			<key>sourceTree</key>
			<string>&lt;group&gt;</string>
		</dict>
		<key>49533876267F4AD2A3606C52</key>
		<dict>
			<key>includeInIndex</key>
			<string>1</string>
			<key>isa</key>
			<string>PBXFileReference</string>
			<key>name</key>
			<string>focus_linear.png</string>
			<key>path</key>
			<string>AviarySDKResources.bundle/focus_linear.png</string>
			<key>sourceTree</key>
			<string>&lt;group&gt;</string>
		</dict>
		<key>49D640E2F4004C0580B752FF</key>
		<dict>
			<key>includeInIndex</key>
			<string>1</string>
			<key>isa</key>
			<string>PBXFileReference</string>
			<key>lastKnownFileType</key>
			<string>sourcecode.c.objc</string>
			<key>path</key>
			<string>Stubs.m</string>
			<key>sourceTree</key>
			<string>&lt;group&gt;</string>
		</dict>
		<key>49E726B0BBE14A8A82E9188B</key>
		<dict>
			<key>includeInIndex</key>
			<string>1</string>
			<key>isa</key>
			<string>PBXFileReference</string>
			<key>name</key>
			<string>tr.lproj</string>
			<key>path</key>
			<string>AviarySDKResources.bundle/tr.lproj</string>
			<key>sourceTree</key>
			<string>&lt;group&gt;</string>
		</dict>
		<key>4B970E04D83E48A9899CFA3F</key>
		<dict>
			<key>includeInIndex</key>
			<string>1</string>
			<key>isa</key>
			<string>PBXFileReference</string>
			<key>name</key>
			<string>text@2x.png</string>
			<key>path</key>
			<string>AviarySDKResources.bundle/text@2x.png</string>
			<key>sourceTree</key>
			<string>&lt;group&gt;</string>
		</dict>
		<key>4BDD4F6EE22947B1A61EC531</key>
		<dict>
			<key>includeInIndex</key>
			<string>1</string>
			<key>isa</key>
			<string>PBXFileReference</string>
			<key>name</key>
			<string>eraser@2x.png</string>
			<key>path</key>
			<string>AviarySDKResources.bundle/eraser@2x.png</string>
			<key>sourceTree</key>
			<string>&lt;group&gt;</string>
		</dict>
		<key>4F85AD90F5AF48D78CD65F42</key>
		<dict>
			<key>includeInIndex</key>
			<string>1</string>
			<key>isa</key>
			<string>PBXFileReference</string>
			<key>name</key>
			<string>redeye.png</string>
			<key>path</key>
			<string>AviarySDKResources.bundle/redeye.png</string>
			<key>sourceTree</key>
			<string>&lt;group&gt;</string>
		</dict>
		<key>4FC052A3CA2E45DB9FEE3841</key>
		<dict>
			<key>includeInIndex</key>
			<string>1</string>
			<key>isa</key>
			<string>PBXFileReference</string>
			<key>name</key>
			<string>store_uns@2x.png</string>
			<key>path</key>
			<string>AviarySDKResources.bundle/store_uns@2x.png</string>
			<key>sourceTree</key>
			<string>&lt;group&gt;</string>
		</dict>
		<key>500A0A87A3A14AE69174DD75</key>
		<dict>
			<key>includeInIndex</key>
			<string>1</string>
			<key>isa</key>
			<string>PBXFileReference</string>
			<key>name</key>
			<string>sharpness@2x.png</string>
			<key>path</key>
			<string>AviarySDKResources.bundle/sharpness@2x.png</string>
			<key>sourceTree</key>
			<string>&lt;group&gt;</string>
		</dict>
		<key>500DDB9CB13A40BDB38F9C31</key>
		<dict>
			<key>includeInIndex</key>
			<string>1</string>
			<key>isa</key>
			<string>PBXFileReference</string>
			<key>name</key>
			<string>blemish@2x.png</string>
			<key>path</key>
			<string>AviarySDKResources.bundle/blemish@2x.png</string>
			<key>sourceTree</key>
			<string>&lt;group&gt;</string>
		</dict>
		<key>5068C740559C4E3381296904</key>
		<dict>
			<key>includeInIndex</key>
			<string>1</string>
			<key>isa</key>
			<string>PBXFileReference</string>
			<key>name</key>
			<string>keyboard.png</string>
			<key>path</key>
			<string>AviarySDKResources.bundle/keyboard.png</string>
			<key>sourceTree</key>
			<string>&lt;group&gt;</string>
		</dict>
		<key>510BC78FF42040CCBB2CDA78</key>
		<dict>
			<key>children</key>
			<array>
				<string>89EEFB2249784FBEBFFCD8ED</string>
				<string>49D640E2F4004C0580B752FF</string>
			</array>
			<key>isa</key>
			<string>PBXGroup</string>
			<key>name</key>
			<string>Supporting Files</string>
			<key>path</key>
			<string>/Users/tanabe/Dev/motion-aviary/ib.xcodeproj</string>
			<key>sourceTree</key>
			<string>&lt;group&gt;</string>
		</dict>
		<key>56A59D9172E74DEC9C8D27C4</key>
		<dict>
			<key>includeInIndex</key>
			<string>1</string>
			<key>isa</key>
			<string>PBXFileReference</string>
			<key>lastKnownFileType</key>
			<string>sourcecode.c.h</string>
			<key>name</key>
			<string>UIImageView+AFNetworking.h</string>
			<key>path</key>
			<string>AFNetworking/UIImageView+AFNetworking.h</string>
			<key>sourceTree</key>
			<string>&lt;group&gt;</string>
		</dict>
		<key>56A5B8539B564C08BB440FC6</key>
		<dict>
			<key>includeInIndex</key>
			<string>1</string>
			<key>isa</key>
			<string>PBXFileReference</string>
			<key>name</key>
			<string>food.png</string>
			<key>path</key>
			<string>AviarySDKResources.bundle/food.png</string>
			<key>sourceTree</key>
			<string>&lt;group&gt;</string>
		</dict>
		<key>582EB4C2A2E9483495B63C57</key>
		<dict>
			<key>includeInIndex</key>
			<string>1</string>
			<key>isa</key>
			<string>PBXFileReference</string>
			<key>name</key>
			<string>store_uns-uns@2x.png</string>
			<key>path</key>
			<string>AviarySDKResources.bundle/store_uns-uns@2x.png</string>
			<key>sourceTree</key>
			<string>&lt;group&gt;</string>
		</dict>
		<key>58781325AF3843AFBFE4C3C1</key>
		<dict>
			<key>includeInIndex</key>
			<string>1</string>
			<key>isa</key>
			<string>PBXFileReference</string>
			<key>name</key>
			<string>blemishToolTutorialTapRipple@2x.png</string>
			<key>path</key>
			<string>AviarySDKResources.bundle/blemishToolTutorialTapRipple@2x.png</string>
			<key>sourceTree</key>
			<string>&lt;group&gt;</string>
		</dict>
		<key>59607024D7B4486885843D1E</key>
		<dict>
			<key>includeInIndex</key>
			<string>1</string>
			<key>isa</key>
			<string>PBXFileReference</string>
			<key>name</key>
			<string>pt-BR.lproj</string>
			<key>path</key>
			<string>AviarySDKResources.bundle/pt-BR.lproj</string>
			<key>sourceTree</key>
			<string>&lt;group&gt;</string>
		</dict>
		<key>5C79CB0EBE134A13A31BC17E</key>
		<dict>
			<key>includeInIndex</key>
			<string>1</string>
			<key>isa</key>
			<string>PBXFileReference</string>
			<key>name</key>
			<string>rotate_r@2x.png</string>
			<key>path</key>
			<string>AviarySDKResources.bundle/rotate_r@2x.png</string>
			<key>sourceTree</key>
			<string>&lt;group&gt;</string>
		</dict>
		<key>5C8B8B6FC4C0460A9811944F</key>
		<dict>
			<key>includeInIndex</key>
			<string>1</string>
			<key>isa</key>
			<string>PBXFileReference</string>
			<key>name</key>
			<string>ko.lproj</string>
			<key>path</key>
			<string>AviarySDKResources.bundle/ko.lproj</string>
			<key>sourceTree</key>
			<string>&lt;group&gt;</string>
		</dict>
		<key>5D5F944DB84F49C6AF1BB303</key>
		<dict>
			<key>includeInIndex</key>
			<string>1</string>
			<key>isa</key>
			<string>PBXFileReference</string>
			<key>name</key>
			<string>border11_small.png</string>
			<key>path</key>
			<string>AviarySDKResources.bundle/border11_small.png</string>
			<key>sourceTree</key>
			<string>&lt;group&gt;</string>
		</dict>
		<key>5F626187B68841209F312E82</key>
		<dict>
			<key>includeInIndex</key>
			<string>1</string>
			<key>isa</key>
			<string>PBXFileReference</string>
			<key>name</key>
			<string>redeye@2x.png</string>
			<key>path</key>
			<string>AviarySDKResources.bundle/redeye@2x.png</string>
			<key>sourceTree</key>
			<string>&lt;group&gt;</string>
		</dict>
		<key>6091BACEDAFD4DB591DDC069</key>
		<dict>
			<key>includeInIndex</key>
			<string>1</string>
			<key>isa</key>
			<string>PBXFileReference</string>
			<key>name</key>
			<string>upSell_placeholder.png</string>
			<key>path</key>
			<string>AviarySDKResources.bundle/upSell_placeholder.png</string>
			<key>sourceTree</key>
			<string>&lt;group&gt;</string>
		</dict>
		<key>60CE0D1FF79D4C2CAF9B8ABF</key>
		<dict>
			<key>includeInIndex</key>
			<string>1</string>
			<key>isa</key>
			<string>PBXFileReference</string>
			<key>name</key>
			<string>orientation.png</string>
			<key>path</key>
			<string>AviarySDKResources.bundle/orientation.png</string>
			<key>sourceTree</key>
			<string>&lt;group&gt;</string>
		</dict>
		<key>618390E839744122A22A306D</key>
		<dict>
			<key>includeInIndex</key>
			<string>1</string>
			<key>isa</key>
			<string>PBXFileReference</string>
			<key>name</key>
			<string>border1_small.png</string>
			<key>path</key>
			<string>AviarySDKResources.bundle/border1_small.png</string>
			<key>sourceTree</key>
			<string>&lt;group&gt;</string>
		</dict>
		<key>66E66E440C1040CB9F59F32B</key>
		<dict>
			<key>includeInIndex</key>
			<string>1</string>
			<key>isa</key>
			<string>PBXFileReference</string>
			<key>name</key>
			<string>hidef.png</string>
			<key>path</key>
			<string>AviarySDKResources.bundle/hidef.png</string>
			<key>sourceTree</key>
			<string>&lt;group&gt;</string>
		</dict>
		<key>6B1CDCCEC20E4271BD143485</key>
		<dict>
			<key>includeInIndex</key>
			<string>1</string>
			<key>isa</key>
			<string>PBXFileReference</string>
			<key>name</key>
			<string>resizeKnob@2x.png</string>
			<key>path</key>
			<string>AviarySDKResources.bundle/resizeKnob@2x.png</string>
			<key>sourceTree</key>
			<string>&lt;group&gt;</string>
		</dict>
		<key>6DB4A40029134BF395FF5602</key>
		<dict>
			<key>includeInIndex</key>
			<string>1</string>
			<key>isa</key>
			<string>PBXFileReference</string>
			<key>name</key>
			<string>store_sel@2x.png</string>
			<key>path</key>
			<string>AviarySDKResources.bundle/store_sel@2x.png</string>
			<key>sourceTree</key>
			<string>&lt;group&gt;</string>
		</dict>
		<key>6ED4AF42BA804FB8A253400D</key>
		<dict>
			<key>includeInIndex</key>
			<string>1</string>
			<key>isa</key>
			<string>PBXFileReference</string>
			<key>lastKnownFileType</key>
			<string>sourcecode.c.h</string>
			<key>name</key>
			<string>UIWebView+AFNetworking.h</string>
			<key>path</key>
			<string>AFNetworking/UIWebView+AFNetworking.h</string>
			<key>sourceTree</key>
			<string>&lt;group&gt;</string>
		</dict>
		<key>702BBD29F3A04EC5B800A2AB</key>
		<dict>
			<key>includeInIndex</key>
			<string>1</string>
			<key>isa</key>
			<string>PBXFileReference</string>
			<key>name</key>
			<string>store_sel.png</string>
			<key>path</key>
			<string>AviarySDKResources.bundle/store_sel.png</string>
			<key>sourceTree</key>
			<string>&lt;group&gt;</string>
		</dict>
		<key>70443807A60C4BEE93418292</key>
		<dict>
			<key>buildSettings</key>
			<dict>
				<key>ALWAYS_SEARCH_USER_PATHS</key>
				<string>NO</string>
				<key>CLANG_CXX_LANGUAGE_STANDARD</key>
				<string>gnu++0x</string>
				<key>CLANG_CXX_LIBRARY</key>
				<string>libc++</string>
				<key>CLANG_ENABLE_MODULES</key>
				<string>YES</string>
				<key>CLANG_ENABLE_OBJC_ARC</key>
				<string>YES</string>
				<key>CLANG_WARN_BOOL_CONVERSION</key>
				<string>YES</string>
				<key>CLANG_WARN_CONSTANT_CONVERSION</key>
				<string>YES</string>
				<key>CLANG_WARN_DIRECT_OBJC_ISA_USAGE</key>
				<string>YES</string>
				<key>CLANG_WARN_EMPTY_BODY</key>
				<string>YES</string>
				<key>CLANG_WARN_ENUM_CONVERSION</key>
				<string>YES</string>
				<key>CLANG_WARN_INT_CONVERSION</key>
				<string>YES</string>
				<key>CLANG_WARN_OBJC_ROOT_CLASS</key>
				<string>YES</string>
				<key>COPY_PHASE_STRIP</key>
				<string>YES</string>
				<key>GCC_C_LANGUAGE_STANDARD</key>
				<string>gnu99</string>
				<key>GCC_DYNAMIC_NO_PIC</key>
				<string>NO</string>
				<key>GCC_OPTIMIZATION_LEVEL</key>
				<string>0</string>
				<key>GCC_PREPROCESSOR_DEFINITIONS</key>
				<array>
					<string>DEBUG=1</string>
					<string>$(inherited)</string>
				</array>
				<key>GCC_SYMBOLS_PRIVATE_EXTERN</key>
				<string>NO</string>
				<key>GCC_WARN_64_TO_32_BIT_CONVERSION</key>
				<string>YES</string>
				<key>GCC_WARN_ABOUT_RETURN_TYPE</key>
				<string>YES</string>
				<key>GCC_WARN_UNDECLARED_SELECTOR</key>
				<string>YES</string>
				<key>GCC_WARN_UNINITIALIZED_AUTOS</key>
				<string>YES</string>
				<key>GCC_WARN_UNUSED_FUNCTION</key>
				<string>YES</string>
				<key>GCC_WARN_UNUSED_VARIABLE</key>
				<string>YES</string>
				<key>ONLY_ACTIVE_ARCH</key>
				<string>YES</string>
			</dict>
			<key>isa</key>
			<string>XCBuildConfiguration</string>
			<key>name</key>
			<string>Debug</string>
		</dict>
		<key>70EF7366B5B74F68A2BB6678</key>
		<dict>
			<key>includeInIndex</key>
			<string>1</string>
			<key>isa</key>
			<string>PBXFileReference</string>
			<key>name</key>
			<string>ar.lproj</string>
			<key>path</key>
			<string>AviarySDKResources.bundle/ar.lproj</string>
			<key>sourceTree</key>
			<string>&lt;group&gt;</string>
		</dict>
		<key>72111C5CDB1C4527867A6CF9</key>
		<dict>
			<key>includeInIndex</key>
			<string>1</string>
			<key>isa</key>
			<string>PBXFileReference</string>
			<key>name</key>
			<string>aviaryLoader_dark.png</string>
			<key>path</key>
			<string>AviarySDKResources.bundle/aviaryLoader_dark.png</string>
			<key>sourceTree</key>
			<string>&lt;group&gt;</string>
		</dict>
		<key>724D6E47F09242BFB3567E1F</key>
		<dict>
			<key>includeInIndex</key>
			<string>1</string>
			<key>isa</key>
			<string>PBXFileReference</string>
			<key>name</key>
			<string>focus.png</string>
			<key>path</key>
			<string>AviarySDKResources.bundle/focus.png</string>
			<key>sourceTree</key>
			<string>&lt;group&gt;</string>
		</dict>
		<key>72DD60C114674F73863A4EE2</key>
		<dict>
			<key>includeInIndex</key>
			<string>1</string>
			<key>isa</key>
			<string>PBXFileReference</string>
			<key>name</key>
			<string>flip_h@2x.png</string>
			<key>path</key>
			<string>AviarySDKResources.bundle/flip_h@2x.png</string>
			<key>sourceTree</key>
			<string>&lt;group&gt;</string>
		</dict>
		<key>746A9C4ED16C4C4E9F185B1E</key>
		<dict>
			<key>includeInIndex</key>
			<string>1</string>
			<key>isa</key>
			<string>PBXFileReference</string>
			<key>name</key>
			<string>imageDropShadow.png</string>
			<key>path</key>
			<string>AviarySDKResources.bundle/imageDropShadow.png</string>
			<key>sourceTree</key>
			<string>&lt;group&gt;</string>
		</dict>
		<key>753DC9BB93C54F8BBBB823D6</key>
		<dict>
			<key>includeInIndex</key>
			<string>1</string>
			<key>isa</key>
			<string>PBXFileReference</string>
			<key>name</key>
			<string>focus_radial@2x.png</string>
			<key>path</key>
			<string>AviarySDKResources.bundle/focus_radial@2x.png</string>
			<key>sourceTree</key>
			<string>&lt;group&gt;</string>
		</dict>
		<key>7638287A1BF842DC8307E704</key>
		<dict>
			<key>includeInIndex</key>
			<string>1</string>
			<key>isa</key>
			<string>PBXFileReference</string>
			<key>name</key>
			<string>blemish.png</string>
			<key>path</key>
			<string>AviarySDKResources.bundle/blemish.png</string>
			<key>sourceTree</key>
			<string>&lt;group&gt;</string>
		</dict>
		<key>780D3CC9ECD44FEE88C726AB</key>
		<dict>
			<key>includeInIndex</key>
			<string>1</string>
			<key>isa</key>
			<string>PBXFileReference</string>
			<key>lastKnownFileType</key>
			<string>sourcecode.c.h</string>
			<key>name</key>
			<string>AFNetworkActivityIndicatorManager.h</string>
			<key>path</key>
			<string>AFNetworking/AFNetworkActivityIndicatorManager.h</string>
			<key>sourceTree</key>
			<string>&lt;group&gt;</string>
		</dict>
		<key>7886EC77C4C94E05B8F00ECB</key>
		<dict>
			<key>attributes</key>
			<dict>
				<key>LastUpgradeCheck</key>
				<string>0510</string>
			</dict>
			<key>buildConfigurationList</key>
			<string>BF0B72BBBD6D40ED9FB3D91C</string>
			<key>compatibilityVersion</key>
			<string>Xcode 3.2</string>
			<key>developmentRegion</key>
			<string>English</string>
			<key>hasScannedForEncodings</key>
			<string>0</string>
			<key>isa</key>
			<string>PBXProject</string>
			<key>knownRegions</key>
			<array>
				<string>en</string>
			</array>
			<key>mainGroup</key>
			<string>3728F94FDF40461AA3EB3356</string>
			<key>productRefGroup</key>
			<string>D13715F5AC7B49F28B2C3690</string>
			<key>projectDirPath</key>
			<string></string>
			<key>projectReferences</key>
			<array/>
			<key>projectRoot</key>
			<string></string>
			<key>targets</key>
			<array>
				<string>17E275239B884FC89EDEFFFF</string>
			</array>
		</dict>
		<key>78B2967609884A3A8732C31A</key>
		<dict>
			<key>includeInIndex</key>
			<string>1</string>
			<key>isa</key>
			<string>PBXFileReference</string>
			<key>name</key>
			<string>orientation@2x.png</string>
			<key>path</key>
			<string>AviarySDKResources.bundle/orientation@2x.png</string>
			<key>sourceTree</key>
			<string>&lt;group&gt;</string>
		</dict>
		<key>79512B12DE7841649D26C392</key>
		<dict>
			<key>includeInIndex</key>
			<string>1</string>
			<key>isa</key>
			<string>PBXFileReference</string>
			<key>name</key>
			<string>enhance@2x.png</string>
			<key>path</key>
			<string>AviarySDKResources.bundle/enhance@2x.png</string>
			<key>sourceTree</key>
			<string>&lt;group&gt;</string>
		</dict>
		<key>7BB54627AA9141C79F93A965</key>
		<dict>
			<key>includeInIndex</key>
			<string>1</string>
			<key>isa</key>
			<string>PBXFileReference</string>
			<key>name</key>
			<string>meme@2x.png</string>
			<key>path</key>
			<string>AviarySDKResources.bundle/meme@2x.png</string>
			<key>sourceTree</key>
			<string>&lt;group&gt;</string>
		</dict>
		<key>7C6E7E8BCA8E40A98E152D4F</key>
		<dict>
			<key>includeInIndex</key>
			<string>1</string>
			<key>isa</key>
			<string>PBXFileReference</string>
			<key>name</key>
			<string>en.lproj</string>
			<key>path</key>
			<string>AviarySDKResources.bundle/en.lproj</string>
			<key>sourceTree</key>
			<string>&lt;group&gt;</string>
		</dict>
		<key>7D0579D575704E208C3B1C15</key>
		<dict>
			<key>includeInIndex</key>
			<string>1</string>
			<key>isa</key>
			<string>PBXFileReference</string>
			<key>name</key>
			<string>ja.lproj</string>
			<key>path</key>
			<string>AviarySDKResources.bundle/ja.lproj</string>
			<key>sourceTree</key>
			<string>&lt;group&gt;</string>
		</dict>
		<key>7E48B92BE3D8402AA3B2883F</key>
		<dict>
			<key>isa</key>
			<string>PBXFileReference</string>
			<key>lastKnownFileType</key>
			<string>wrapper.framework</string>
			<key>name</key>
			<string>QuartzCore.framework</string>
			<key>path</key>
			<string>Platforms/iPhoneOS.platform/Developer/SDKs/iPhoneOS7.1.sdk/System/Library/Frameworks/QuartzCore.framework</string>
			<key>sourceTree</key>
			<string>DEVELOPER_DIR</string>
		</dict>
		<key>7EB60797000A464E829F2645</key>
		<dict>
			<key>includeInIndex</key>
			<string>1</string>
			<key>isa</key>
			<string>PBXFileReference</string>
			<key>name</key>
			<string>cloud@2x.png</string>
			<key>path</key>
			<string>AviarySDKResources.bundle/cloud@2x.png</string>
			<key>sourceTree</key>
			<string>&lt;group&gt;</string>
		</dict>
		<key>7EE9221CBFEC4E9F89827E8C</key>
		<dict>
			<key>includeInIndex</key>
			<string>1</string>
			<key>isa</key>
			<string>PBXFileReference</string>
			<key>lastKnownFileType</key>
			<string>sourcecode.c.h</string>
			<key>name</key>
			<string>AFURLRequestSerialization.h</string>
			<key>path</key>
			<string>AFNetworking/AFURLRequestSerialization.h</string>
			<key>sourceTree</key>
			<string>&lt;group&gt;</string>
		</dict>
		<key>7EF7C15509714350B1CE73AC</key>
		<dict>
			<key>includeInIndex</key>
			<string>1</string>
			<key>isa</key>
			<string>PBXFileReference</string>
			<key>name</key>
			<string>hidef@2x.png</string>
			<key>path</key>
			<string>AviarySDKResources.bundle/hidef@2x.png</string>
			<key>sourceTree</key>
			<string>&lt;group&gt;</string>
		</dict>
		<key>7F1910CB6F8E42A9AC623A70</key>
		<dict>
			<key>includeInIndex</key>
			<string>1</string>
			<key>isa</key>
			<string>PBXFileReference</string>
			<key>name</key>
			<string>ru.lproj</string>
			<key>path</key>
			<string>AviarySDKResources.bundle/ru.lproj</string>
			<key>sourceTree</key>
			<string>&lt;group&gt;</string>
		</dict>
		<key>82F9B9708CB7474CA365DA57</key>
		<dict>
			<key>includeInIndex</key>
			<string>1</string>
			<key>isa</key>
			<string>PBXFileReference</string>
			<key>name</key>
			<string>border2_small.png</string>
			<key>path</key>
			<string>AviarySDKResources.bundle/border2_small.png</string>
			<key>sourceTree</key>
			<string>&lt;group&gt;</string>
		</dict>
		<key>83059B50192C4241B19BB66F</key>
		<dict>
			<key>includeInIndex</key>
			<string>1</string>
			<key>isa</key>
			<string>PBXFileReference</string>
			<key>name</key>
			<string>de.lproj</string>
			<key>path</key>
			<string>AviarySDKResources.bundle/de.lproj</string>
			<key>sourceTree</key>
			<string>&lt;group&gt;</string>
		</dict>
		<key>8528D61522A942D789A9F1F9</key>
		<dict>
			<key>includeInIndex</key>
			<string>1</string>
			<key>isa</key>
			<string>PBXFileReference</string>
			<key>name</key>
			<string>blue_check@2x.png</string>
			<key>path</key>
			<string>AviarySDKResources.bundle/blue_check@2x.png</string>
			<key>sourceTree</key>
			<string>&lt;group&gt;</string>
		</dict>
		<key>8717CBDFEB9C4D988C560250</key>
		<dict>
			<key>includeInIndex</key>
			<string>1</string>
			<key>isa</key>
			<string>PBXFileReference</string>
			<key>name</key>
			<string>store_uns-sel.png</string>
			<key>path</key>
			<string>AviarySDKResources.bundle/store_uns-sel.png</string>
			<key>sourceTree</key>
			<string>&lt;group&gt;</string>
		</dict>
		<key>878C680B1B3D41FF9E669481</key>
		<dict>
			<key>includeInIndex</key>
			<string>1</string>
			<key>isa</key>
			<string>PBXFileReference</string>
			<key>name</key>
			<string>aviaryLoader_light.png</string>
			<key>path</key>
			<string>AviarySDKResources.bundle/aviaryLoader_light.png</string>
			<key>sourceTree</key>
			<string>&lt;group&gt;</string>
		</dict>
		<key>8953119A599A44458F5AFB44</key>
		<dict>
			<key>includeInIndex</key>
			<string>1</string>
			<key>isa</key>
			<string>PBXFileReference</string>
			<key>name</key>
			<string>meme_close@2x.png</string>
			<key>path</key>
			<string>AviarySDKResources.bundle/meme_close@2x.png</string>
			<key>sourceTree</key>
			<string>&lt;group&gt;</string>
		</dict>
		<key>896D6FF3D21840059BC464A3</key>
		<dict>
			<key>includeInIndex</key>
			<string>1</string>
			<key>isa</key>
			<string>PBXFileReference</string>
			<key>name</key>
			<string>aviaryLoader_big.png</string>
			<key>path</key>
			<string>AviarySDKResources.bundle/aviaryLoader_big.png</string>
			<key>sourceTree</key>
			<string>&lt;group&gt;</string>
		</dict>
		<key>89DD1C0734E14F9CB95116DD</key>
		<dict>
			<key>includeInIndex</key>
			<string>1</string>
			<key>isa</key>
			<string>PBXFileReference</string>
			<key>name</key>
			<string>splash_eraser@2x.png</string>
			<key>path</key>
			<string>AviarySDKResources.bundle/splash_eraser@2x.png</string>
			<key>sourceTree</key>
			<string>&lt;group&gt;</string>
		</dict>
		<key>89EEFB2249784FBEBFFCD8ED</key>
		<dict>
			<key>includeInIndex</key>
			<string>1</string>
			<key>isa</key>
			<string>PBXFileReference</string>
			<key>lastKnownFileType</key>
			<string>sourcecode.c.h</string>
			<key>path</key>
			<string>Stubs.h</string>
			<key>sourceTree</key>
			<string>&lt;group&gt;</string>
		</dict>
		<key>8A98016C625443D3BE8F256A</key>
		<dict>
			<key>includeInIndex</key>
			<string>1</string>
			<key>isa</key>
			<string>PBXFileReference</string>
			<key>name</key>
			<string>keyboard@2x.png</string>
			<key>path</key>
			<string>AviarySDKResources.bundle/keyboard@2x.png</string>
			<key>sourceTree</key>
			<string>&lt;group&gt;</string>
		</dict>
		<key>8AFB9448FD5844B2884ECA3C</key>
		<dict>
			<key>includeInIndex</key>
			<string>1</string>
			<key>isa</key>
			<string>PBXFileReference</string>
			<key>name</key>
			<string>flip_h.png</string>
			<key>path</key>
			<string>AviarySDKResources.bundle/flip_h.png</string>
			<key>sourceTree</key>
			<string>&lt;group&gt;</string>
		</dict>
		<key>8DB4FD93919442A9976C6C01</key>
		<dict>
			<key>includeInIndex</key>
			<string>1</string>
			<key>isa</key>
			<string>PBXFileReference</string>
			<key>name</key>
			<string>store_uns-sel@2x.png</string>
			<key>path</key>
			<string>AviarySDKResources.bundle/store_uns-sel@2x.png</string>
			<key>sourceTree</key>
			<string>&lt;group&gt;</string>
		</dict>
		<key>90280D6AA4AE47B390D375C5</key>
		<dict>
			<key>includeInIndex</key>
			<string>1</string>
			<key>isa</key>
			<string>PBXFileReference</string>
			<key>name</key>
			<string>zh-Hans.lproj</string>
			<key>path</key>
			<string>AviarySDKResources.bundle/zh-Hans.lproj</string>
			<key>sourceTree</key>
			<string>&lt;group&gt;</string>
		</dict>
		<key>90BC19B159A749E0924BC724</key>
		<dict>
			<key>includeInIndex</key>
			<string>1</string>
			<key>isa</key>
			<string>PBXFileReference</string>
			<key>name</key>
			<string>store_sel-uns.png</string>
			<key>path</key>
			<string>AviarySDKResources.bundle/store_sel-uns.png</string>
			<key>sourceTree</key>
			<string>&lt;group&gt;</string>
		</dict>
		<key>938C5F11F95743DFA9C9BE94</key>
		<dict>
			<key>buildActionMask</key>
			<string>2147483647</string>
			<key>files</key>
			<array>
				<string>B0232F1D71AC4778822CCA9F</string>
			</array>
			<key>isa</key>
			<string>PBXSourcesBuildPhase</string>
			<key>runOnlyForDeploymentPostprocessing</key>
			<string>0</string>
		</dict>
		<key>947A8A6142684BE1AD88725D</key>
		<dict>
			<key>includeInIndex</key>
			<string>1</string>
			<key>isa</key>
			<string>PBXFileReference</string>
			<key>name</key>
			<string>es.lproj</string>
			<key>path</key>
			<string>AviarySDKResources.bundle/es.lproj</string>
			<key>sourceTree</key>
			<string>&lt;group&gt;</string>
		</dict>
		<key>97EF99667A03476B808A220D</key>
		<dict>
			<key>includeInIndex</key>
			<string>1</string>
			<key>isa</key>
			<string>PBXFileReference</string>
			<key>name</key>
			<string>flip_v@2x.png</string>
			<key>path</key>
			<string>AviarySDKResources.bundle/flip_v@2x.png</string>
			<key>sourceTree</key>
			<string>&lt;group&gt;</string>
		</dict>
		<key>9823FD9D989843E9A3BFB10D</key>
		<dict>
			<key>includeInIndex</key>
			<string>1</string>
			<key>isa</key>
			<string>PBXFileReference</string>
			<key>name</key>
			<string>swipeArrow@2x.png</string>
			<key>path</key>
			<string>AviarySDKResources.bundle/swipeArrow@2x.png</string>
			<key>sourceTree</key>
			<string>&lt;group&gt;</string>
		</dict>
		<key>9AD83E6004C9420CBCBCB7F8</key>
		<dict>
			<key>includeInIndex</key>
			<string>1</string>
			<key>isa</key>
			<string>PBXFileReference</string>
			<key>name</key>
			<string>flip_v.png</string>
			<key>path</key>
			<string>AviarySDKResources.bundle/flip_v.png</string>
			<key>sourceTree</key>
			<string>&lt;group&gt;</string>
		</dict>
		<key>9B1FF9FDAD7D4591875CD485</key>
		<dict>
			<key>includeInIndex</key>
			<string>1</string>
			<key>isa</key>
			<string>PBXFileReference</string>
			<key>name</key>
			<string>focus_radial.png</string>
			<key>path</key>
			<string>AviarySDKResources.bundle/focus_radial.png</string>
			<key>sourceTree</key>
			<string>&lt;group&gt;</string>
		</dict>
		<key>9B85643FC71E4AD4B15C5B06</key>
		<dict>
			<key>includeInIndex</key>
			<string>1</string>
			<key>isa</key>
			<string>PBXFileReference</string>
			<key>name</key>
			<string>meme_close.png</string>
			<key>path</key>
			<string>AviarySDKResources.bundle/meme_close.png</string>
			<key>sourceTree</key>
			<string>&lt;group&gt;</string>
		</dict>
		<key>9BE7BD52A6C74032BCFE17AA</key>
		<dict>
			<key>includeInIndex</key>
			<string>1</string>
			<key>isa</key>
			<string>PBXFileReference</string>
			<key>name</key>
			<string>aviary@2x.png</string>
			<key>path</key>
			<string>AviarySDKResources.bundle/aviary@2x.png</string>
			<key>sourceTree</key>
			<string>&lt;group&gt;</string>
		</dict>
		<key>9E1271746FB547E6A2E7E5A3</key>
		<dict>
			<key>isa</key>
			<string>PBXFileReference</string>
			<key>lastKnownFileType</key>
			<string>wrapper.framework</string>
			<key>name</key>
			<string>CoreGraphics.framework</string>
			<key>path</key>
			<string>Platforms/iPhoneOS.platform/Developer/SDKs/iPhoneOS7.1.sdk/System/Library/Frameworks/CoreGraphics.framework</string>
			<key>sourceTree</key>
			<string>DEVELOPER_DIR</string>
		</dict>
		<key>9E3B553238EF40DEB03E18A4</key>
		<dict>
			<key>includeInIndex</key>
			<string>1</string>
			<key>isa</key>
			<string>PBXFileReference</string>
			<key>name</key>
			<string>store_uns.png</string>
			<key>path</key>
			<string>AviarySDKResources.bundle/store_uns.png</string>
			<key>sourceTree</key>
			<string>&lt;group&gt;</string>
		</dict>
		<key>9E7A7DE16BB444559D2FA37B</key>
		<dict>
			<key>includeInIndex</key>
			<string>1</string>
			<key>isa</key>
			<string>PBXFileReference</string>
			<key>name</key>
			<string>en-GB.lproj</string>
			<key>path</key>
			<string>AviarySDKResources.bundle/en-GB.lproj</string>
			<key>sourceTree</key>
			<string>&lt;group&gt;</string>
		</dict>
		<key>9E9D1360E7FF4CABAFEA347A</key>
		<dict>
			<key>includeInIndex</key>
			<string>1</string>
			<key>isa</key>
			<string>PBXFileReference</string>
			<key>name</key>
			<string>frames@2x.png</string>
			<key>path</key>
			<string>AviarySDKResources.bundle/frames@2x.png</string>
			<key>sourceTree</key>
			<string>&lt;group&gt;</string>
		</dict>
		<key>A28ABC101220490EA69EF9E7</key>
		<dict>
			<key>fileRef</key>
			<string>224AA1FC8EE447BE82FA07BA</string>
			<key>isa</key>
			<string>PBXBuildFile</string>
		</dict>
		<key>A2F9EBFE84D342EA980258F7</key>
		<dict>
			<key>includeInIndex</key>
			<string>1</string>
			<key>isa</key>
			<string>PBXFileReference</string>
			<key>name</key>
			<string>feedback.png</string>
			<key>path</key>
			<string>AviarySDKResources.bundle/feedback.png</string>
			<key>sourceTree</key>
			<string>&lt;group&gt;</string>
		</dict>
		<key>A4F16FD07E9D437EBDC13A78</key>
		<dict>
			<key>includeInIndex</key>
			<string>1</string>
			<key>isa</key>
			<string>PBXFileReference</string>
			<key>name</key>
			<string>asterisk@2x.png</string>
			<key>path</key>
			<string>AviarySDKResources.bundle/asterisk@2x.png</string>
			<key>sourceTree</key>
			<string>&lt;group&gt;</string>
		</dict>
		<key>A5CF22F5449F4660854A86D3</key>
		<dict>
			<key>includeInIndex</key>
			<string>1</string>
			<key>isa</key>
			<string>PBXFileReference</string>
			<key>name</key>
			<string>font_icon.png</string>
			<key>path</key>
			<string>AviarySDKResources.bundle/font_icon.png</string>
			<key>sourceTree</key>
			<string>&lt;group&gt;</string>
		</dict>
		<key>A60908F80C8A4FC9A876CC2A</key>
		<dict>
			<key>includeInIndex</key>
			<string>1</string>
			<key>isa</key>
			<string>PBXFileReference</string>
			<key>name</key>
			<string>splash_eraser.png</string>
			<key>path</key>
			<string>AviarySDKResources.bundle/splash_eraser.png</string>
			<key>sourceTree</key>
			<string>&lt;group&gt;</string>
		</dict>
		<key>A613C32059CD4A2AA15DD528</key>
		<dict>
			<key>includeInIndex</key>
			<string>1</string>
			<key>isa</key>
			<string>PBXFileReference</string>
			<key>name</key>
			<string>imageDropShadow@2x.png</string>
			<key>path</key>
			<string>AviarySDKResources.bundle/imageDropShadow@2x.png</string>
			<key>sourceTree</key>
			<string>&lt;group&gt;</string>
		</dict>
		<key>A71D4FC3C54C41CC90B31001</key>
		<dict>
			<key>includeInIndex</key>
			<string>1</string>
			<key>isa</key>
			<string>PBXFileReference</string>
			<key>name</key>
			<string>portrait.png</string>
			<key>path</key>
			<string>AviarySDKResources.bundle/portrait.png</string>
			<key>sourceTree</key>
			<string>&lt;group&gt;</string>
		</dict>
		<key>A741AE9034BB47879731DDF7</key>
		<dict>
			<key>includeInIndex</key>
			<string>1</string>
			<key>isa</key>
			<string>PBXFileReference</string>
			<key>path</key>
			<string>Main.storyboard</string>
			<key>sourceTree</key>
			<string>&lt;group&gt;</string>
		</dict>
		<key>A7E0409A201D42919766D22E</key>
		<dict>
			<key>includeInIndex</key>
			<string>1</string>
			<key>isa</key>
			<string>PBXFileReference</string>
			<key>lastKnownFileType</key>
			<string>sourcecode.c.h</string>
			<key>name</key>
			<string>AFHTTPRequestOperation.h</string>
			<key>path</key>
			<string>AFNetworking/AFHTTPRequestOperation.h</string>
			<key>sourceTree</key>
			<string>&lt;group&gt;</string>
		</dict>
		<key>A7E70C97E52940C4BE0076A1</key>
		<dict>
			<key>includeInIndex</key>
			<string>1</string>
			<key>isa</key>
			<string>PBXFileReference</string>
			<key>name</key>
			<string>draw.png</string>
			<key>path</key>
			<string>AviarySDKResources.bundle/draw.png</string>
			<key>sourceTree</key>
			<string>&lt;group&gt;</string>
		</dict>
		<key>A9C82F78E95C47E194293D42</key>
		<dict>
			<key>includeInIndex</key>
			<string>1</string>
			<key>isa</key>
			<string>PBXFileReference</string>
			<key>name</key>
			<string>store_sel-uns@2x.png</string>
			<key>path</key>
			<string>AviarySDKResources.bundle/store_sel-uns@2x.png</string>
			<key>sourceTree</key>
			<string>&lt;group&gt;</string>
		</dict>
		<key>AADC0277D2C34FC587097751</key>
		<dict>
			<key>children</key>
			<array>
				<string>F9C9A85EC8ED463C989F7F05</string>
				<string>2A0F36137E2246F29E169068</string>
				<string>FBD00CF8402E4CB186748275</string>
				<string>A4F16FD07E9D437EBDC13A78</string>
				<string>337B9CC046974983B3B84806</string>
				<string>9BE7BD52A6C74032BCFE17AA</string>
				<string>896D6FF3D21840059BC464A3</string>
				<string>D358C24F77A545D1B1290219</string>
				<string>72111C5CDB1C4527867A6CF9</string>
				<string>B596F80FC95645529555BB57</string>
				<string>878C680B1B3D41FF9E669481</string>
				<string>009D2CA68251405690F78BB8</string>
				<string>7638287A1BF842DC8307E704</string>
				<string>500DDB9CB13A40BDB38F9C31</string>
				<string>E52F125B63314B8A9B10C934</string>
				<string>58781325AF3843AFBFE4C3C1</string>
				<string>C10404DAD0294737B250D0C9</string>
				<string>8528D61522A942D789A9F1F9</string>
				<string>40F087F18DEC4EB7ADD9E953</string>
				<string>B6284E8A8443428CA8838FE8</string>
				<string>BD5701B5C8E64A0F9884A2D9</string>
				<string>5D5F944DB84F49C6AF1BB303</string>
				<string>3C3BCF4144A54335B571C56F</string>
				<string>618390E839744122A22A306D</string>
				<string>82F9B9708CB7474CA365DA57</string>
				<string>E517DC91A8C3406284238F10</string>
				<string>C77F060E4C2E4F14BE17F08B</string>
				<string>BEC5DC55F53244DDA115CBBE</string>
				<string>CD601F810C424A7A9D2092E6</string>
				<string>B57E83BD172143E392774E0D</string>
				<string>F0687776707C4A4380E2C2FA</string>
				<string>3DC2A73AFB1F47B79D6F5EA0</string>
				<string>BBEA6A76A7364BB193C4AEB4</string>
				<string>C4EF94E53D1646CE9CB371F0</string>
				<string>03EC515DAA744DA8B1D19D38</string>
				<string>077EAA1D08FE4A099533178C</string>
				<string>E99A9B87527A4B26A72A1AAA</string>
				<string>1C64686DA9C94292A209357F</string>
				<string>E8383EA848B74158855D4DD6</string>
				<string>EA72E037FE634FA88D3E671C</string>
				<string>EBFAA2DD64C24A2F91605CAB</string>
				<string>48DD828345DC44EB8C92DB52</string>
				<string>42786E624BC4499DBB55843D</string>
				<string>E27D5686B68745288D7A7043</string>
				<string>B90081ADDD9C441B8B70D1E8</string>
				<string>7EB60797000A464E829F2645</string>
				<string>AF81493FA7744B9AB43CEDFF</string>
				<string>0EB01240BE3441C5B5972CB5</string>
				<string>1B47268ADB06453086DE771D</string>
				<string>1A53190BB13F46069B529267</string>
				<string>A7E70C97E52940C4BE0076A1</string>
				<string>CB63A444C0A6451EB063DF5C</string>
				<string>2057EF4D09194F359709A4B4</string>
				<string>FCA6C5929A3E484B9EEF5F8C</string>
				<string>F50A7F32DD294D488F41A68E</string>
				<string>79512B12DE7841649D26C392</string>
				<string>0B8EF9E291474ACB91180EB5</string>
				<string>4BDD4F6EE22947B1A61EC531</string>
				<string>DDFE7FCD03D146F8A9201ED1</string>
				<string>346014C52B6B48ACBD7F15D5</string>
				<string>A2F9EBFE84D342EA980258F7</string>
				<string>1D6ACF395D9045A0980DDD04</string>
				<string>8AFB9448FD5844B2884ECA3C</string>
				<string>72DD60C114674F73863A4EE2</string>
				<string>9AD83E6004C9420CBCBCB7F8</string>
				<string>97EF99667A03476B808A220D</string>
				<string>724D6E47F09242BFB3567E1F</string>
				<string>FB890C374944400FACB2D1B3</string>
				<string>49533876267F4AD2A3606C52</string>
				<string>F8B94182AD1B44AC9FCE1BBB</string>
				<string>9B1FF9FDAD7D4591875CD485</string>
				<string>753DC9BB93C54F8BBBB823D6</string>
				<string>A5CF22F5449F4660854A86D3</string>
				<string>B4DB9ABB11BB40398A814ECD</string>
				<string>56A5B8539B564C08BB440FC6</string>
				<string>CD5F64AA89AC4576A935C94F</string>
				<string>C2A6B079210B4AF791CBC190</string>
				<string>9E9D1360E7FF4CABAFEA347A</string>
				<string>F7021B6FC1EC44A79496CBF0</string>
				<string>D39BF70D42E649229E4F142B</string>
				<string>426B181AC807492FAA3A365A</string>
				<string>F58C051E852D4EFBBA8A3EA0</string>
				<string>66E66E440C1040CB9F59F32B</string>
				<string>7EF7C15509714350B1CE73AC</string>
				<string>10ACA9A5B05740A8B2158F7A</string>
				<string>C4D0F86E642E4BA79A580A72</string>
				<string>746A9C4ED16C4C4E9F185B1E</string>
				<string>A613C32059CD4A2AA15DD528</string>
				<string>5068C740559C4E3381296904</string>
				<string>8A98016C625443D3BE8F256A</string>
				<string>AB5F4008A2FE4B7384DDF870</string>
				<string>7BB54627AA9141C79F93A965</string>
				<string>9B85643FC71E4AD4B15C5B06</string>
				<string>8953119A599A44458F5AFB44</string>
				<string>3ADBCB4F15EF48CBAC8D6A73</string>
				<string>149574D2D54C4212A3AD1AFB</string>
				<string>60CE0D1FF79D4C2CAF9B8ABF</string>
				<string>78B2967609884A3A8732C31A</string>
				<string>278B427C75AC4B84B8526F32</string>
				<string>24782CEDB92649BBA8865A8F</string>
				<string>A71D4FC3C54C41CC90B31001</string>
				<string>2CB33E4A528D4C0D864DD413</string>
				<string>CECC7E028DCC40F59990A914</string>
				<string>B9D2F54660A242BA82DF8001</string>
				<string>FA22477D52FE4BB0AE35137B</string>
				<string>07A3264A8C1F477699A584D5</string>
				<string>4F85AD90F5AF48D78CD65F42</string>
				<string>5F626187B68841209F312E82</string>
				<string>DE5819593C5F471AA0E54CC4</string>
				<string>6B1CDCCEC20E4271BD143485</string>
				<string>17A95C235D4F428B86902525</string>
				<string>F30BF357F38244A28F2BE236</string>
				<string>20D343D28D944F279948CE43</string>
				<string>5C79CB0EBE134A13A31BC17E</string>
				<string>48E125ECF29B4E8EA9B0C1EE</string>
				<string>F566478B289B45E4B87178E9</string>
				<string>338B1B68AFE54916A1405F82</string>
				<string>C1A0F80385CB4593A0C23291</string>
				<string>E893BB61BC7E4A01B912822B</string>
				<string>500A0A87A3A14AE69174DD75</string>
				<string>CC467FAC67A349A78E68EA51</string>
				<string>BF896249422B4AB2A4AB81CB</string>
				<string>0529AB677E7C4C5DAB908CA3</string>
				<string>48438D5A3BB24ABD9F285CFC</string>
				<string>A60908F80C8A4FC9A876CC2A</string>
				<string>89DD1C0734E14F9CB95116DD</string>
				<string>46DE1E4C9BBC4FA6AFECA927</string>
				<string>47AAAEDF7B72415B8D78B5A3</string>
				<string>417020F1CBDE4764B7F8025F</string>
				<string>B682A736054E4EE1810C7F7A</string>
				<string>B9D2909E44064489AAE8DF68</string>
				<string>B40E65AA5FE14537820096EC</string>
				<string>90BC19B159A749E0924BC724</string>
				<string>A9C82F78E95C47E194293D42</string>
				<string>702BBD29F3A04EC5B800A2AB</string>
				<string>6DB4A40029134BF395FF5602</string>
				<string>8717CBDFEB9C4D988C560250</string>
				<string>8DB4FD93919442A9976C6C01</string>
				<string>E6458C5A2C274B23A6AE8BF4</string>
				<string>582EB4C2A2E9483495B63C57</string>
				<string>9E3B553238EF40DEB03E18A4</string>
				<string>4FC052A3CA2E45DB9FEE3841</string>
				<string>2FCB2374EC1E40A888810343</string>
				<string>9823FD9D989843E9A3BFB10D</string>
				<string>EF2E62B4DFEE48148B61F260</string>
				<string>4B970E04D83E48A9899CFA3F</string>
				<string>6091BACEDAFD4DB591DDC069</string>
				<string>2C65534295084D09B08A3DEC</string>
				<string>F12FB9C782764E93AEC48DAD</string>
				<string>2A9AE4B7E9DF4B52BD6AB5CE</string>
				<string>C4EA123A3EE4485E92CC2C1F</string>
				<string>2BAD38141AD64B72B55151BF</string>
				<string>EEF8BF71DA0E4AA0BA563776</string>
				<string>0D3283F2E30A4694AA037916</string>
				<string>A741AE9034BB47879731DDF7</string>
				<string>70EF7366B5B74F68A2BB6678</string>
				<string>83059B50192C4241B19BB66F</string>
				<string>9E7A7DE16BB444559D2FA37B</string>
				<string>7C6E7E8BCA8E40A98E152D4F</string>
				<string>947A8A6142684BE1AD88725D</string>
				<string>C1111DE0E0994110853D9A5F</string>
				<string>091C16C733894499A4268E95</string>
				<string>D4731DA1C7C34E0DB3F1FB30</string>
				<string>7D0579D575704E208C3B1C15</string>
				<string>5C8B8B6FC4C0460A9811944F</string>
				<string>121CD03328EC4D6E9B98A136</string>
				<string>59607024D7B4486885843D1E</string>
				<string>7F1910CB6F8E42A9AC623A70</string>
				<string>062072B8EE35477789A97747</string>
				<string>49E726B0BBE14A8A82E9188B</string>
				<string>90280D6AA4AE47B390D375C5</string>
				<string>FF9A9B756A804BE8B550DBB8</string>
			</array>
			<key>isa</key>
			<string>PBXGroup</string>
			<key>name</key>
			<string>Resources</string>
			<key>path</key>
			<string>/Users/tanabe/Dev/motion-aviary/resources</string>
			<key>sourceTree</key>
			<string>&lt;group&gt;</string>
		</dict>
		<key>AB5F4008A2FE4B7384DDF870</key>
		<dict>
			<key>includeInIndex</key>
			<string>1</string>
			<key>isa</key>
			<string>PBXFileReference</string>
			<key>name</key>
			<string>meme.png</string>
			<key>path</key>
			<string>AviarySDKResources.bundle/meme.png</string>
			<key>sourceTree</key>
			<string>&lt;group&gt;</string>
		</dict>
		<key>AC37495254784D65B9BFD3C9</key>
		<dict>
			<key>children</key>
			<array>
				<string>D49CABB6584F45AAB147A380</string>
				<string>7E48B92BE3D8402AA3B2883F</string>
				<string>9E1271746FB547E6A2E7E5A3</string>
				<string>224AA1FC8EE447BE82FA07BA</string>
			</array>
			<key>isa</key>
			<string>PBXGroup</string>
			<key>name</key>
			<string>iOS</string>
			<key>sourceTree</key>
			<string>&lt;group&gt;</string>
		</dict>
		<key>AF81493FA7744B9AB43CEDFF</key>
		<dict>
			<key>includeInIndex</key>
			<string>1</string>
			<key>isa</key>
			<string>PBXFileReference</string>
			<key>name</key>
			<string>crop.png</string>
			<key>path</key>
			<string>AviarySDKResources.bundle/crop.png</string>
			<key>sourceTree</key>
			<string>&lt;group&gt;</string>
		</dict>
		<key>B00B6764B1F64C49BE5636A7</key>
		<dict>
			<key>includeInIndex</key>
			<string>1</string>
			<key>isa</key>
			<string>PBXFileReference</string>
			<key>lastKnownFileType</key>
			<string>sourcecode.c.h</string>
			<key>name</key>
			<string>AFNetworkReachabilityManager.h</string>
			<key>path</key>
			<string>AFNetworking/AFNetworkReachabilityManager.h</string>
			<key>sourceTree</key>
			<string>&lt;group&gt;</string>
		</dict>
		<key>B0232F1D71AC4778822CCA9F</key>
		<dict>
			<key>fileRef</key>
			<string>49D640E2F4004C0580B752FF</string>
			<key>isa</key>
			<string>PBXBuildFile</string>
		</dict>
		<key>B1DA12BF86E647979B88FE35</key>
		<dict>
			<key>includeInIndex</key>
			<string>1</string>
			<key>isa</key>
			<string>PBXFileReference</string>
			<key>lastKnownFileType</key>
			<string>sourcecode.c.h</string>
			<key>name</key>
			<string>UIKit+AFNetworking.h</string>
			<key>path</key>
			<string>AFNetworking/UIKit+AFNetworking.h</string>
			<key>sourceTree</key>
			<string>&lt;group&gt;</string>
		</dict>
		<key>B40E65AA5FE14537820096EC</key>
		<dict>
			<key>includeInIndex</key>
			<string>1</string>
			<key>isa</key>
			<string>PBXFileReference</string>
			<key>name</key>
			<string>stickers@2x.png</string>
			<key>path</key>
			<string>AviarySDKResources.bundle/stickers@2x.png</string>
			<key>sourceTree</key>
			<string>&lt;group&gt;</string>
		</dict>
		<key>B4DB9ABB11BB40398A814ECD</key>
		<dict>
			<key>includeInIndex</key>
			<string>1</string>
			<key>isa</key>
			<string>PBXFileReference</string>
			<key>name</key>
			<string>font_icon@2x.png</string>
			<key>path</key>
			<string>AviarySDKResources.bundle/font_icon@2x.png</string>
			<key>sourceTree</key>
			<string>&lt;group&gt;</string>
		</dict>
		<key>B57E83BD172143E392774E0D</key>
		<dict>
			<key>includeInIndex</key>
			<string>1</string>
			<key>isa</key>
			<string>PBXFileReference</string>
			<key>name</key>
			<string>border7_small.png</string>
			<key>path</key>
			<string>AviarySDKResources.bundle/border7_small.png</string>
			<key>sourceTree</key>
			<string>&lt;group&gt;</string>
		</dict>
		<key>B596F80FC95645529555BB57</key>
		<dict>
			<key>includeInIndex</key>
			<string>1</string>
			<key>isa</key>
			<string>PBXFileReference</string>
			<key>name</key>
			<string>aviaryLoader_dark@2x.png</string>
			<key>path</key>
			<string>AviarySDKResources.bundle/aviaryLoader_dark@2x.png</string>
			<key>sourceTree</key>
			<string>&lt;group&gt;</string>
		</dict>
		<key>B6284E8A8443428CA8838FE8</key>
		<dict>
			<key>includeInIndex</key>
			<string>1</string>
			<key>isa</key>
			<string>PBXFileReference</string>
			<key>name</key>
			<string>blur@2x.png</string>
			<key>path</key>
			<string>AviarySDKResources.bundle/blur@2x.png</string>
			<key>sourceTree</key>
			<string>&lt;group&gt;</string>
		</dict>
		<key>B682A736054E4EE1810C7F7A</key>
		<dict>
			<key>includeInIndex</key>
			<string>1</string>
			<key>isa</key>
			<string>PBXFileReference</string>
			<key>name</key>
			<string>splash_smart@2x.png</string>
			<key>path</key>
			<string>AviarySDKResources.bundle/splash_smart@2x.png</string>
			<key>sourceTree</key>
			<string>&lt;group&gt;</string>
		</dict>
		<key>B90081ADDD9C441B8B70D1E8</key>
		<dict>
			<key>includeInIndex</key>
			<string>1</string>
			<key>isa</key>
			<string>PBXFileReference</string>
			<key>name</key>
			<string>cloud.png</string>
			<key>path</key>
			<string>AviarySDKResources.bundle/cloud.png</string>
			<key>sourceTree</key>
			<string>&lt;group&gt;</string>
		</dict>
		<key>B9A4876223EB4679BEA29A54</key>
		<dict>
			<key>includeInIndex</key>
			<string>1</string>
			<key>isa</key>
			<string>PBXFileReference</string>
			<key>lastKnownFileType</key>
			<string>sourcecode.c.h</string>
			<key>name</key>
			<string>AFURLResponseSerialization.h</string>
			<key>path</key>
			<string>AFNetworking/AFURLResponseSerialization.h</string>
			<key>sourceTree</key>
			<string>&lt;group&gt;</string>
		</dict>
		<key>B9D2909E44064489AAE8DF68</key>
		<dict>
			<key>includeInIndex</key>
			<string>1</string>
			<key>isa</key>
			<string>PBXFileReference</string>
			<key>name</key>
			<string>stickers.png</string>
			<key>path</key>
			<string>AviarySDKResources.bundle/stickers.png</string>
			<key>sourceTree</key>
			<string>&lt;group&gt;</string>
		</dict>
		<key>B9D2F54660A242BA82DF8001</key>
		<dict>
			<key>includeInIndex</key>
			<string>1</string>
			<key>isa</key>
			<string>PBXFileReference</string>
			<key>name</key>
			<string>purchase_button-active@2x.png</string>
			<key>path</key>
			<string>AviarySDKResources.bundle/purchase_button-active@2x.png</string>
			<key>sourceTree</key>
			<string>&lt;group&gt;</string>
		</dict>
		<key>BBEA6A76A7364BB193C4AEB4</key>
		<dict>
			<key>includeInIndex</key>
			<string>1</string>
			<key>isa</key>
			<string>PBXFileReference</string>
			<key>name</key>
			<string>bundle_purchase_button-active.png</string>
			<key>path</key>
			<string>AviarySDKResources.bundle/bundle_purchase_button-active.png</string>
			<key>sourceTree</key>
			<string>&lt;group&gt;</string>
		</dict>
		<key>BD5701B5C8E64A0F9884A2D9</key>
		<dict>
			<key>includeInIndex</key>
			<string>1</string>
			<key>isa</key>
			<string>PBXFileReference</string>
			<key>name</key>
			<string>border10_small.png</string>
			<key>path</key>
			<string>AviarySDKResources.bundle/border10_small.png</string>
			<key>sourceTree</key>
			<string>&lt;group&gt;</string>
		</dict>
		<key>BEC5DC55F53244DDA115CBBE</key>
		<dict>
			<key>includeInIndex</key>
			<string>1</string>
			<key>isa</key>
			<string>PBXFileReference</string>
			<key>name</key>
			<string>border5_small.png</string>
			<key>path</key>
			<string>AviarySDKResources.bundle/border5_small.png</string>
			<key>sourceTree</key>
			<string>&lt;group&gt;</string>
		</dict>
		<key>BF0B72BBBD6D40ED9FB3D91C</key>
		<dict>
			<key>buildConfigurations</key>
			<array>
				<string>70443807A60C4BEE93418292</string>
				<string>044AA93CBFD64E04A2A52D04</string>
			</array>
			<key>defaultConfigurationIsVisible</key>
			<string>0</string>
			<key>defaultConfigurationName</key>
			<string>Release</string>
			<key>isa</key>
			<string>XCConfigurationList</string>
		</dict>
		<key>BF896249422B4AB2A4AB81CB</key>
		<dict>
			<key>includeInIndex</key>
			<string>1</string>
			<key>isa</key>
			<string>PBXFileReference</string>
			<key>name</key>
			<string>smallKnob@2x.png</string>
			<key>path</key>
			<string>AviarySDKResources.bundle/smallKnob@2x.png</string>
			<key>sourceTree</key>
			<string>&lt;group&gt;</string>
		</dict>
		<key>C10404DAD0294737B250D0C9</key>
		<dict>
			<key>includeInIndex</key>
			<string>1</string>
			<key>isa</key>
			<string>PBXFileReference</string>
			<key>name</key>
			<string>blue_check.png</string>
			<key>path</key>
			<string>AviarySDKResources.bundle/blue_check.png</string>
			<key>sourceTree</key>
			<string>&lt;group&gt;</string>
		</dict>
		<key>C1111DE0E0994110853D9A5F</key>
		<dict>
			<key>includeInIndex</key>
			<string>1</string>
			<key>isa</key>
			<string>PBXFileReference</string>
			<key>name</key>
			<string>fr.lproj</string>
			<key>path</key>
			<string>AviarySDKResources.bundle/fr.lproj</string>
			<key>sourceTree</key>
			<string>&lt;group&gt;</string>
		</dict>
		<key>C1A0F80385CB4593A0C23291</key>
		<dict>
			<key>includeInIndex</key>
			<string>1</string>
			<key>isa</key>
			<string>PBXFileReference</string>
			<key>name</key>
			<string>share@2x.png</string>
			<key>path</key>
			<string>AviarySDKResources.bundle/share@2x.png</string>
			<key>sourceTree</key>
			<string>&lt;group&gt;</string>
		</dict>
		<key>C2A6B079210B4AF791CBC190</key>
		<dict>
			<key>includeInIndex</key>
			<string>1</string>
			<key>isa</key>
			<string>PBXFileReference</string>
			<key>name</key>
			<string>frames.png</string>
			<key>path</key>
			<string>AviarySDKResources.bundle/frames.png</string>
			<key>sourceTree</key>
			<string>&lt;group&gt;</string>
		</dict>
		<key>C3AA61D2BC83423582A42E09</key>
		<dict>
			<key>fileRef</key>
			<string>D49CABB6584F45AAB147A380</string>
			<key>isa</key>
			<string>PBXBuildFile</string>
		</dict>
		<key>C4D0F86E642E4BA79A580A72</key>
		<dict>
			<key>includeInIndex</key>
			<string>1</string>
			<key>isa</key>
			<string>PBXFileReference</string>
			<key>name</key>
			<string>icon_placeholder@2x.png</string>
			<key>path</key>
			<string>AviarySDKResources.bundle/icon_placeholder@2x.png</string>
			<key>sourceTree</key>
			<string>&lt;group&gt;</string>
		</dict>
		<key>C4EA123A3EE4485E92CC2C1F</key>
		<dict>
			<key>includeInIndex</key>
			<string>1</string>
			<key>isa</key>
			<string>PBXFileReference</string>
			<key>path</key>
			<string>Default-568h@2x.png</string>
			<key>sourceTree</key>
			<string>&lt;group&gt;</string>
		</dict>
		<key>C4EF94E53D1646CE9CB371F0</key>
		<dict>
			<key>includeInIndex</key>
			<string>1</string>
			<key>isa</key>
			<string>PBXFileReference</string>
			<key>name</key>
			<string>bundle_purchase_button-active@2x.png</string>
			<key>path</key>
			<string>AviarySDKResources.bundle/bundle_purchase_button-active@2x.png</string>
			<key>sourceTree</key>
			<string>&lt;group&gt;</string>
		</dict>
		<key>C7731F80947248219EE491C7</key>
		<dict>
			<key>includeInIndex</key>
			<string>1</string>
			<key>isa</key>
			<string>PBXFileReference</string>
			<key>lastKnownFileType</key>
			<string>sourcecode.c.h</string>
			<key>name</key>
			<string>AFHTTPRequestOperationManager.h</string>
			<key>path</key>
			<string>AFNetworking/AFHTTPRequestOperationManager.h</string>
			<key>sourceTree</key>
			<string>&lt;group&gt;</string>
		</dict>
		<key>C77F060E4C2E4F14BE17F08B</key>
		<dict>
			<key>includeInIndex</key>
			<string>1</string>
			<key>isa</key>
			<string>PBXFileReference</string>
			<key>name</key>
			<string>border4_small.png</string>
			<key>path</key>
			<string>AviarySDKResources.bundle/border4_small.png</string>
			<key>sourceTree</key>
			<string>&lt;group&gt;</string>
		</dict>
		<key>C9B54D9036AA44209CB28F35</key>
		<dict>
			<key>buildConfigurations</key>
			<array>
				<string>3D5C5798ED84401EBF0DC970</string>
				<string>DAB5F39B8789463B986AF853</string>
			</array>
			<key>defaultConfigurationIsVisible</key>
			<string>0</string>
			<key>defaultConfigurationName</key>
			<string>Release</string>
			<key>isa</key>
			<string>XCConfigurationList</string>
		</dict>
		<key>CB63A444C0A6451EB063DF5C</key>
		<dict>
			<key>includeInIndex</key>
			<string>1</string>
			<key>isa</key>
			<string>PBXFileReference</string>
			<key>name</key>
			<string>draw@2x.png</string>
			<key>path</key>
			<string>AviarySDKResources.bundle/draw@2x.png</string>
			<key>sourceTree</key>
			<string>&lt;group&gt;</string>
		</dict>
		<key>CC467FAC67A349A78E68EA51</key>
		<dict>
			<key>includeInIndex</key>
			<string>1</string>
			<key>isa</key>
			<string>PBXFileReference</string>
			<key>name</key>
			<string>smallKnob.png</string>
			<key>path</key>
			<string>AviarySDKResources.bundle/smallKnob.png</string>
			<key>sourceTree</key>
			<string>&lt;group&gt;</string>
		</dict>
		<key>CD5F64AA89AC4576A935C94F</key>
		<dict>
			<key>includeInIndex</key>
			<string>1</string>
			<key>isa</key>
			<string>PBXFileReference</string>
			<key>name</key>
			<string>food@2x.png</string>
			<key>path</key>
			<string>AviarySDKResources.bundle/food@2x.png</string>
			<key>sourceTree</key>
			<string>&lt;group&gt;</string>
		</dict>
		<key>CD601F810C424A7A9D2092E6</key>
		<dict>
			<key>includeInIndex</key>
			<string>1</string>
			<key>isa</key>
			<string>PBXFileReference</string>
			<key>name</key>
			<string>border6_small.png</string>
			<key>path</key>
			<string>AviarySDKResources.bundle/border6_small.png</string>
			<key>sourceTree</key>
			<string>&lt;group&gt;</string>
		</dict>
		<key>CECC7E028DCC40F59990A914</key>
		<dict>
			<key>includeInIndex</key>
			<string>1</string>
			<key>isa</key>
			<string>PBXFileReference</string>
			<key>name</key>
			<string>purchase_button-active.png</string>
			<key>path</key>
			<string>AviarySDKResources.bundle/purchase_button-active.png</string>
			<key>sourceTree</key>
			<string>&lt;group&gt;</string>
		</dict>
		<key>D13715F5AC7B49F28B2C3690</key>
		<dict>
			<key>children</key>
			<array>
				<string>F7AC4534F0C945819E5E000C</string>
			</array>
			<key>isa</key>
			<string>PBXGroup</string>
			<key>name</key>
			<string>Products</string>
			<key>sourceTree</key>
			<string>&lt;group&gt;</string>
		</dict>
		<key>D358C24F77A545D1B1290219</key>
		<dict>
			<key>includeInIndex</key>
			<string>1</string>
			<key>isa</key>
			<string>PBXFileReference</string>
			<key>name</key>
			<string>aviaryLoader_big@2x.png</string>
			<key>path</key>
			<string>AviarySDKResources.bundle/aviaryLoader_big@2x.png</string>
			<key>sourceTree</key>
			<string>&lt;group&gt;</string>
		</dict>
		<key>D39BF70D42E649229E4F142B</key>
		<dict>
			<key>includeInIndex</key>
			<string>1</string>
			<key>isa</key>
			<string>PBXFileReference</string>
			<key>name</key>
			<string>get_more@2x.png</string>
			<key>path</key>
			<string>AviarySDKResources.bundle/get_more@2x.png</string>
			<key>sourceTree</key>
			<string>&lt;group&gt;</string>
		</dict>
		<key>D4731DA1C7C34E0DB3F1FB30</key>
		<dict>
			<key>includeInIndex</key>
			<string>1</string>
			<key>isa</key>
			<string>PBXFileReference</string>
			<key>name</key>
			<string>it.lproj</string>
			<key>path</key>
			<string>AviarySDKResources.bundle/it.lproj</string>
			<key>sourceTree</key>
			<string>&lt;group&gt;</string>
		</dict>
		<key>D49CABB6584F45AAB147A380</key>
		<dict>
			<key>isa</key>
			<string>PBXFileReference</string>
			<key>lastKnownFileType</key>
			<string>wrapper.framework</string>
			<key>name</key>
			<string>Foundation.framework</string>
			<key>path</key>
			<string>Platforms/iPhoneOS.platform/Developer/SDKs/iPhoneOS7.1.sdk/System/Library/Frameworks/Foundation.framework</string>
			<key>sourceTree</key>
			<string>DEVELOPER_DIR</string>
		</dict>
		<key>DAB5F39B8789463B986AF853</key>
		<dict>
			<key>buildSettings</key>
			<dict>
				<key>ALWAYS_SEARCH_USER_PATHS</key>
				<string>NO</string>
				<key>COPY_PHASE_STRIP</key>
				<string>NO</string>
				<key>DSTROOT</key>
				<string>/tmp/xcodeproj.dst</string>
				<key>GCC_C_LANGUAGE_STANDARD</key>
				<string>gnu99</string>
				<key>GCC_DYNAMIC_NO_PIC</key>
				<string>NO</string>
				<key>GCC_OPTIMIZATION_LEVEL</key>
				<string>0</string>
				<key>GCC_PRECOMPILE_PREFIX_HEADER</key>
				<string>YES</string>
				<key>GCC_PREPROCESSOR_DEFINITIONS</key>
				<array>
					<string>DEBUG=1</string>
					<string>$(inherited)</string>
				</array>
				<key>GCC_SYMBOLS_PRIVATE_EXTERN</key>
				<string>NO</string>
				<key>GCC_VERSION</key>
				<string>com.apple.compilers.llvm.clang.1_0</string>
				<key>INSTALL_PATH</key>
				<string>$(BUILT_PRODUCTS_DIR)</string>
				<key>IPHONEOS_DEPLOYMENT_TARGET</key>
				<string>4.3</string>
				<key>OTHER_LDFLAGS</key>
				<string></string>
				<key>PRODUCT_NAME</key>
				<string>$(TARGET_NAME)</string>
				<key>PUBLIC_HEADERS_FOLDER_PATH</key>
				<string>$(TARGET_NAME)</string>
				<key>SDKROOT</key>
				<string>iphoneos</string>
				<key>SKIP_INSTALL</key>
				<string>YES</string>
			</dict>
			<key>isa</key>
			<string>XCBuildConfiguration</string>
			<key>name</key>
			<string>Debug</string>
		</dict>
		<key>DDFE7FCD03D146F8A9201ED1</key>
		<dict>
			<key>includeInIndex</key>
			<string>1</string>
			<key>isa</key>
			<string>PBXFileReference</string>
			<key>name</key>
			<string>eraser_mask.png</string>
			<key>path</key>
			<string>AviarySDKResources.bundle/eraser_mask.png</string>
			<key>sourceTree</key>
			<string>&lt;group&gt;</string>
		</dict>
		<key>DE5819593C5F471AA0E54CC4</key>
		<dict>
			<key>includeInIndex</key>
			<string>1</string>
			<key>isa</key>
			<string>PBXFileReference</string>
			<key>name</key>
			<string>resizeKnob.png</string>
			<key>path</key>
			<string>AviarySDKResources.bundle/resizeKnob.png</string>
			<key>sourceTree</key>
			<string>&lt;group&gt;</string>
		</dict>
		<key>E27D5686B68745288D7A7043</key>
		<dict>
			<key>includeInIndex</key>
			<string>1</string>
			<key>isa</key>
			<string>PBXFileReference</string>
			<key>name</key>
			<string>close_button@2x.png</string>
			<key>path</key>
			<string>AviarySDKResources.bundle/close_button@2x.png</string>
			<key>sourceTree</key>
			<string>&lt;group&gt;</string>
		</dict>
		<key>E517DC91A8C3406284238F10</key>
		<dict>
			<key>includeInIndex</key>
			<string>1</string>
			<key>isa</key>
			<string>PBXFileReference</string>
			<key>name</key>
			<string>border3_small.png</string>
			<key>path</key>
			<string>AviarySDKResources.bundle/border3_small.png</string>
			<key>sourceTree</key>
			<string>&lt;group&gt;</string>
		</dict>
		<key>E52F125B63314B8A9B10C934</key>
		<dict>
			<key>includeInIndex</key>
			<string>1</string>
			<key>isa</key>
			<string>PBXFileReference</string>
			<key>name</key>
			<string>blemishToolTutorialTapRipple.png</string>
			<key>path</key>
			<string>AviarySDKResources.bundle/blemishToolTutorialTapRipple.png</string>
			<key>sourceTree</key>
			<string>&lt;group&gt;</string>
		</dict>
		<key>E6458C5A2C274B23A6AE8BF4</key>
		<dict>
			<key>includeInIndex</key>
			<string>1</string>
			<key>isa</key>
			<string>PBXFileReference</string>
			<key>name</key>
			<string>store_uns-uns.png</string>
			<key>path</key>
			<string>AviarySDKResources.bundle/store_uns-uns.png</string>
			<key>sourceTree</key>
			<string>&lt;group&gt;</string>
		</dict>
		<key>E8383EA848B74158855D4DD6</key>
		<dict>
			<key>includeInIndex</key>
			<string>1</string>
			<key>isa</key>
			<string>PBXFileReference</string>
			<key>name</key>
			<string>chevron_blue_left.png</string>
			<key>path</key>
			<string>AviarySDKResources.bundle/chevron_blue_left.png</string>
			<key>sourceTree</key>
			<string>&lt;group&gt;</string>
		</dict>
		<key>E893BB61BC7E4A01B912822B</key>
		<dict>
			<key>includeInIndex</key>
			<string>1</string>
			<key>isa</key>
			<string>PBXFileReference</string>
			<key>name</key>
			<string>sharpness.png</string>
			<key>path</key>
			<string>AviarySDKResources.bundle/sharpness.png</string>
			<key>sourceTree</key>
			<string>&lt;group&gt;</string>
		</dict>
		<key>E99A9B87527A4B26A72A1AAA</key>
		<dict>
			<key>includeInIndex</key>
			<string>1</string>
			<key>isa</key>
			<string>PBXFileReference</string>
			<key>name</key>
			<string>chevron.png</string>
			<key>path</key>
			<string>AviarySDKResources.bundle/chevron.png</string>
			<key>sourceTree</key>
			<string>&lt;group&gt;</string>
		</dict>
		<key>EA72E037FE634FA88D3E671C</key>
		<dict>
			<key>includeInIndex</key>
			<string>1</string>
			<key>isa</key>
			<string>PBXFileReference</string>
			<key>name</key>
			<string>chevron_blue_left@2x.png</string>
			<key>path</key>
			<string>AviarySDKResources.bundle/chevron_blue_left@2x.png</string>
			<key>sourceTree</key>
			<string>&lt;group&gt;</string>
		</dict>
		<key>EBFAA2DD64C24A2F91605CAB</key>
		<dict>
			<key>includeInIndex</key>
			<string>1</string>
			<key>isa</key>
			<string>PBXFileReference</string>
			<key>name</key>
			<string>chevron_blue_right.png</string>
			<key>path</key>
			<string>AviarySDKResources.bundle/chevron_blue_right.png</string>
			<key>sourceTree</key>
			<string>&lt;group&gt;</string>
		</dict>
		<key>EEF8BF71DA0E4AA0BA563776</key>
		<dict>
			<key>includeInIndex</key>
			<string>1</string>
			<key>isa</key>
			<string>PBXFileReference</string>
			<key>name</key>
			<string>frame_thumbnail_default@2x.jpg</string>
			<key>path</key>
			<string>AviarySDKResources.bundle/frame_thumbnail_default@2x.jpg</string>
			<key>sourceTree</key>
			<string>&lt;group&gt;</string>
		</dict>
		<key>EF2E62B4DFEE48148B61F260</key>
		<dict>
			<key>includeInIndex</key>
			<string>1</string>
			<key>isa</key>
			<string>PBXFileReference</string>
			<key>name</key>
			<string>text.png</string>
			<key>path</key>
			<string>AviarySDKResources.bundle/text.png</string>
			<key>sourceTree</key>
			<string>&lt;group&gt;</string>
		</dict>
		<key>F0687776707C4A4380E2C2FA</key>
		<dict>
			<key>includeInIndex</key>
			<string>1</string>
			<key>isa</key>
			<string>PBXFileReference</string>
			<key>name</key>
			<string>border8_small.png</string>
			<key>path</key>
			<string>AviarySDKResources.bundle/border8_small.png</string>
			<key>sourceTree</key>
			<string>&lt;group&gt;</string>
		</dict>
		<key>F0D5DF94EA51484FBB0077CE</key>
		<dict>
			<key>fileRef</key>
			<string>7E48B92BE3D8402AA3B2883F</string>
			<key>isa</key>
			<string>PBXBuildFile</string>
		</dict>
		<key>F12FB9C782764E93AEC48DAD</key>
		<dict>
			<key>includeInIndex</key>
			<string>1</string>
			<key>isa</key>
			<string>PBXFileReference</string>
			<key>name</key>
			<string>whiten.png</string>
			<key>path</key>
			<string>AviarySDKResources.bundle/whiten.png</string>
			<key>sourceTree</key>
			<string>&lt;group&gt;</string>
		</dict>
		<key>F30BF357F38244A28F2BE236</key>
		<dict>
			<key>includeInIndex</key>
			<string>1</string>
			<key>isa</key>
			<string>PBXFileReference</string>
			<key>name</key>
			<string>rotate_l@2x.png</string>
			<key>path</key>
			<string>AviarySDKResources.bundle/rotate_l@2x.png</string>
			<key>sourceTree</key>
			<string>&lt;group&gt;</string>
		</dict>
		<key>F50A7F32DD294D488F41A68E</key>
		<dict>
			<key>includeInIndex</key>
			<string>1</string>
			<key>isa</key>
			<string>PBXFileReference</string>
			<key>name</key>
			<string>enhance.png</string>
			<key>path</key>
			<string>AviarySDKResources.bundle/enhance.png</string>
			<key>sourceTree</key>
			<string>&lt;group&gt;</string>
		</dict>
		<key>F566478B289B45E4B87178E9</key>
		<dict>
			<key>includeInIndex</key>
			<string>1</string>
			<key>isa</key>
			<string>PBXFileReference</string>
			<key>name</key>
			<string>scenery@2x.png</string>
			<key>path</key>
			<string>AviarySDKResources.bundle/scenery@2x.png</string>
			<key>sourceTree</key>
			<string>&lt;group&gt;</string>
		</dict>
		<key>F58C051E852D4EFBBA8A3EA0</key>
		<dict>
			<key>includeInIndex</key>
			<string>1</string>
			<key>isa</key>
			<string>PBXFileReference</string>
			<key>name</key>
			<string>get_more_mask@2x.png</string>
			<key>path</key>
			<string>AviarySDKResources.bundle/get_more_mask@2x.png</string>
			<key>sourceTree</key>
			<string>&lt;group&gt;</string>
		</dict>
		<key>F7021B6FC1EC44A79496CBF0</key>
		<dict>
			<key>includeInIndex</key>
			<string>1</string>
			<key>isa</key>
			<string>PBXFileReference</string>
			<key>name</key>
			<string>get_more.png</string>
			<key>path</key>
			<string>AviarySDKResources.bundle/get_more.png</string>
			<key>sourceTree</key>
			<string>&lt;group&gt;</string>
		</dict>
		<key>F7AC4534F0C945819E5E000C</key>
		<dict>
			<key>explicitFileType</key>
			<string>archive.ar</string>
			<key>includeInIndex</key>
			<string>0</string>
			<key>isa</key>
			<string>PBXFileReference</string>
			<key>path</key>
			<string>libib.a</string>
			<key>sourceTree</key>
			<string>BUILT_PRODUCTS_DIR</string>
		</dict>
		<key>F82AE163AC7143F080B150F4</key>
		<dict>
			<key>children</key>
			<array>
				<string>AC37495254784D65B9BFD3C9</string>
			</array>
			<key>isa</key>
			<string>PBXGroup</string>
			<key>name</key>
			<string>Frameworks</string>
			<key>sourceTree</key>
			<string>&lt;group&gt;</string>
		</dict>
		<key>F8B94182AD1B44AC9FCE1BBB</key>
		<dict>
			<key>includeInIndex</key>
			<string>1</string>
			<key>isa</key>
			<string>PBXFileReference</string>
			<key>name</key>
			<string>focus_linear@2x.png</string>
			<key>path</key>
			<string>AviarySDKResources.bundle/focus_linear@2x.png</string>
			<key>sourceTree</key>
			<string>&lt;group&gt;</string>
		</dict>
		<key>F916C9D691254C55A562230C</key>
		<dict>
			<key>includeInIndex</key>
			<string>1</string>
			<key>isa</key>
			<string>PBXFileReference</string>
			<key>lastKnownFileType</key>
			<string>sourcecode.c.h</string>
			<key>name</key>
			<string>AFURLConnectionOperation.h</string>
			<key>path</key>
			<string>AFNetworking/AFURLConnectionOperation.h</string>
			<key>sourceTree</key>
			<string>&lt;group&gt;</string>
		</dict>
		<key>F9C9A85EC8ED463C989F7F05</key>
		<dict>
			<key>includeInIndex</key>
			<string>1</string>
			<key>isa</key>
			<string>PBXFileReference</string>
			<key>name</key>
			<string>adjustments.png</string>
			<key>path</key>
			<string>AviarySDKResources.bundle/adjustments.png</string>
			<key>sourceTree</key>
			<string>&lt;group&gt;</string>
		</dict>
		<key>FA22477D52FE4BB0AE35137B</key>
		<dict>
			<key>includeInIndex</key>
			<string>1</string>
			<key>isa</key>
			<string>PBXFileReference</string>
			<key>name</key>
			<string>purchase_button.png</string>
			<key>path</key>
			<string>AviarySDKResources.bundle/purchase_button.png</string>
			<key>sourceTree</key>
			<string>&lt;group&gt;</string>
		</dict>
		<key>FB890C374944400FACB2D1B3</key>
		<dict>
			<key>includeInIndex</key>
			<string>1</string>
			<key>isa</key>
			<string>PBXFileReference</string>
			<key>name</key>
			<string>focus@2x.png</string>
			<key>path</key>
			<string>AviarySDKResources.bundle/focus@2x.png</string>
			<key>sourceTree</key>
			<string>&lt;group&gt;</string>
		</dict>
		<key>FBD00CF8402E4CB186748275</key>
		<dict>
			<key>includeInIndex</key>
			<string>1</string>
			<key>isa</key>
			<string>PBXFileReference</string>
			<key>name</key>
			<string>asterisk.png</string>
			<key>path</key>
			<string>AviarySDKResources.bundle/asterisk.png</string>
			<key>sourceTree</key>
			<string>&lt;group&gt;</string>
		</dict>
		<key>FCA6C5929A3E484B9EEF5F8C</key>
		<dict>
			<key>includeInIndex</key>
			<string>1</string>
			<key>isa</key>
			<string>PBXFileReference</string>
			<key>name</key>
			<string>effects@2x.png</string>
			<key>path</key>
			<string>AviarySDKResources.bundle/effects@2x.png</string>
			<key>sourceTree</key>
			<string>&lt;group&gt;</string>
		</dict>
		<key>FF9A9B756A804BE8B550DBB8</key>
		<dict>
			<key>includeInIndex</key>
			<string>1</string>
			<key>isa</key>
			<string>PBXFileReference</string>
			<key>name</key>
			<string>zh-Hant.lproj</string>
			<key>path</key>
			<string>AviarySDKResources.bundle/zh-Hant.lproj</string>
			<key>sourceTree</key>
			<string>&lt;group&gt;</string>
		</dict>
	</dict>
	<key>rootObject</key>
	<string>7886EC77C4C94E05B8F00ECB</string>
</dict>
</plist>
